// !$*UTF8*$!
{
	archiveVersion = 1;
	classes = {
	};
	objectVersion = 46;
	objects = {

/* Begin PBXBuildFile section */
		71F64F7D1C7B4BC6007CC5CE /* AppDelegate.swift in Sources */ = {isa = PBXBuildFile; fileRef = 71F64F7C1C7B4BC6007CC5CE /* AppDelegate.swift */; };
		71F64F7F1C7B4BC6007CC5CE /* ViewController.swift in Sources */ = {isa = PBXBuildFile; fileRef = 71F64F7E1C7B4BC6007CC5CE /* ViewController.swift */; };
		71F64F821C7B4BC6007CC5CE /* Main.storyboard in Resources */ = {isa = PBXBuildFile; fileRef = 71F64F801C7B4BC6007CC5CE /* Main.storyboard */; };
		71F64F841C7B4BC6007CC5CE /* Assets.xcassets in Resources */ = {isa = PBXBuildFile; fileRef = 71F64F831C7B4BC6007CC5CE /* Assets.xcassets */; };
		71F64F871C7B4BC6007CC5CE /* LaunchScreen.storyboard in Resources */ = {isa = PBXBuildFile; fileRef = 71F64F851C7B4BC6007CC5CE /* LaunchScreen.storyboard */; };
/* End PBXBuildFile section */

/* Begin PBXFileReference section */
		71F64F791C7B4BC6007CC5CE /* L08Sensors.app */ = {isa = PBXFileReference; explicitFileType = wrapper.application; includeInIndex = 0; path = L08Sensors.app; sourceTree = BUILT_PRODUCTS_DIR; };
		71F64F7C1C7B4BC6007CC5CE /* AppDelegate.swift */ = {isa = PBXFileReference; lastKnownFileType = sourcecode.swift; path = AppDelegate.swift; sourceTree = "<group>"; };
		71F64F7E1C7B4BC6007CC5CE /* ViewController.swift */ = {isa = PBXFileReference; lastKnownFileType = sourcecode.swift; path = ViewController.swift; sourceTree = "<group>"; };
		71F64F811C7B4BC6007CC5CE /* Base */ = {isa = PBXFileReference; lastKnownFileType = file.storyboard; name = Base; path = Base.lproj/Main.storyboard; sourceTree = "<group>"; };
		71F64F831C7B4BC6007CC5CE /* Assets.xcassets */ = {isa = PBXFileReference; lastKnownFileType = folder.assetcatalog; path = Assets.xcassets; sourceTree = "<group>"; };
		71F64F861C7B4BC6007CC5CE /* Base */ = {isa = PBXFileReference; lastKnownFileType = file.storyboard; name = Base; path = Base.lproj/LaunchScreen.storyboard; sourceTree = "<group>"; };
		71F64F881C7B4BC6007CC5CE /* Info.plist */ = {isa = PBXFileReference; lastKnownFileType = text.plist.xml; path = Info.plist; sourceTree = "<group>"; };
/* End PBXFileReference section */

/* Begin PBXFrameworksBuildPhase section */
		71F64F761C7B4BC6007CC5CE /* Frameworks */ = {
			isa = PBXFrameworksBuildPhase;
			buildActionMask = 2147483647;
			files = (
			);
			runOnlyForDeploymentPostprocessing = 0;
		};
/* End PBXFrameworksBuildPhase section */

/* Begin PBXGroup section */
		71F64F701C7B4BC6007CC5CE = {
			isa = PBXGroup;
			children = (
				71F64F7B1C7B4BC6007CC5CE /* L08Sensors */,
				71F64F7A1C7B4BC6007CC5CE /* Products */,
			);
			sourceTree = "<group>";
		};
		71F64F7A1C7B4BC6007CC5CE /* Products */ = {
			isa = PBXGroup;
			children = (
				71F64F791C7B4BC6007CC5CE /* L08Sensors.app */,
			);
			name = Products;
			sourceTree = "<group>";
		};
		71F64F7B1C7B4BC6007CC5CE /* L08Sensors */ = {
			isa = PBXGroup;
			children = (
				71F64F7C1C7B4BC6007CC5CE /* AppDelegate.swift */,
				71F64F7E1C7B4BC6007CC5CE /* ViewController.swift */,
				71F64F801C7B4BC6007CC5CE /* Main.storyboard */,
				71F64F831C7B4BC6007CC5CE /* Assets.xcassets */,
				71F64F851C7B4BC6007CC5CE /* LaunchScreen.storyboard */,
				71F64F881C7B4BC6007CC5CE /* Info.plist */,
			);
			path = L08Sensors;
			sourceTree = "<group>";
		};
/* End PBXGroup section */

/* Begin PBXNativeTarget section */
		71F64F781C7B4BC6007CC5CE /* L08Sensors */ = {
			isa = PBXNativeTarget;
			buildConfigurationList = 71F64F8B1C7B4BC6007CC5CE /* Build configuration list for PBXNativeTarget "L08Sensors" */;
			buildPhases = (
				71F64F751C7B4BC6007CC5CE /* Sources */,
				71F64F761C7B4BC6007CC5CE /* Frameworks */,
				71F64F771C7B4BC6007CC5CE /* Resources */,
			);
			buildRules = (
			);
			dependencies = (
			);
			name = L08Sensors;
			productName = L08Sensors;
			productReference = 71F64F791C7B4BC6007CC5CE /* L08Sensors.app */;
			productType = "com.apple.product-type.application";
		};
/* End PBXNativeTarget section */

/* Begin PBXProject section */
		71F64F711C7B4BC6007CC5CE /* Project object */ = {
			isa = PBXProject;
			attributes = {
				LastSwiftUpdateCheck = 0720;
				LastUpgradeCheck = 0720;
				ORGANIZATIONNAME = TonyEarth;
				TargetAttributes = {
					71F64F781C7B4BC6007CC5CE = {
						CreatedOnToolsVersion = 7.2.1;
						DevelopmentTeam = E355287BUN;
					};
				};
			};
			buildConfigurationList = 71F64F741C7B4BC6007CC5CE /* Build configuration list for PBXProject "L08Sensors" */;
			compatibilityVersion = "Xcode 3.2";
			developmentRegion = English;
			hasScannedForEncodings = 0;
			knownRegions = (
				en,
				Base,
			);
			mainGroup = 71F64F701C7B4BC6007CC5CE;
			productRefGroup = 71F64F7A1C7B4BC6007CC5CE /* Products */;
			projectDirPath = "";
			projectRoot = "";
			targets = (
				71F64F781C7B4BC6007CC5CE /* L08Sensors */,
			);
		};
/* End PBXProject section */

/* Begin PBXResourcesBuildPhase section */
		71F64F771C7B4BC6007CC5CE /* Resources */ = {
			isa = PBXResourcesBuildPhase;
			buildActionMask = 2147483647;
			files = (
				71F64F871C7B4BC6007CC5CE /* LaunchScreen.storyboard in Resources */,
				71F64F841C7B4BC6007CC5CE /* Assets.xcassets in Resources */,
				71F64F821C7B4BC6007CC5CE /* Main.storyboard in Resources */,
			);
			runOnlyForDeploymentPostprocessing = 0;
		};
/* End PBXResourcesBuildPhase section */

/* Begin PBXSourcesBuildPhase section */
		71F64F751C7B4BC6007CC5CE /* Sources */ = {
			isa = PBXSourcesBuildPhase;
			buildActionMask = 2147483647;
			files = (
				71F64F7F1C7B4BC6007CC5CE /* ViewController.swift in Sources */,
				71F64F7D1C7B4BC6007CC5CE /* AppDelegate.swift in Sources */,
			);
			runOnlyForDeploymentPostprocessing = 0;
		};
/* End PBXSourcesBuildPhase section */

/* Begin PBXVariantGroup section */
		71F64F801C7B4BC6007CC5CE /* Main.storyboard */ = {
			isa = PBXVariantGroup;
			children = (
				71F64F811C7B4BC6007CC5CE /* Base */,
			);
			name = Main.storyboard;
			sourceTree = "<group>";
		};
		71F64F851C7B4BC6007CC5CE /* LaunchScreen.storyboard */ = {
			isa = PBXVariantGroup;
			children = (
				71F64F861C7B4BC6007CC5CE /* Base */,
			);
			name = LaunchScreen.storyboard;
			sourceTree = "<group>";
		};
/* End PBXVariantGroup section */

/* Begin XCBuildConfiguration section */
		71F64F891C7B4BC6007CC5CE /* Debug */ = {
			isa = XCBuildConfiguration;
			buildSettings = {
				ALWAYS_SEARCH_USER_PATHS = NO;
				CLANG_CXX_LANGUAGE_STANDARD = "gnu++0x";
				CLANG_CXX_LIBRARY = "libc++";
				CLANG_ENABLE_MODULES = YES;
				CLANG_ENABLE_OBJC_ARC = YES;
				CLANG_WARN_BOOL_CONVERSION = YES;
				CLANG_WARN_CONSTANT_CONVERSION = YES;
				CLANG_WARN_DIRECT_OBJC_ISA_USAGE = YES_ERROR;
				CLANG_WARN_EMPTY_BODY = YES;
				CLANG_WARN_ENUM_CONVERSION = YES;
				CLANG_WARN_INT_CONVERSION = YES;
				CLANG_WARN_OBJC_ROOT_CLASS = YES_ERROR;
				CLANG_WARN_UNREACHABLE_CODE = YES;
				CLANG_WARN__DUPLICATE_METHOD_MATCH = YES;
				"CODE_SIGN_IDENTITY[sdk=iphoneos*]" = "iPhone Developer";
				COPY_PHASE_STRIP = NO;
				DEBUG_INFORMATION_FORMAT = dwarf;
				ENABLE_STRICT_OBJC_MSGSEND = YES;
				ENABLE_TESTABILITY = YES;
				GCC_C_LANGUAGE_STANDARD = gnu99;
				GCC_DYNAMIC_NO_PIC = NO;
				GCC_NO_COMMON_BLOCKS = YES;
				GCC_OPTIMIZATION_LEVEL = 0;
				GCC_PREPROCESSOR_DEFINITIONS = (
					"DEBUG=1",
					"$(inherited)",
				);
				GCC_WARN_64_TO_32_BIT_CONVERSION = YES;
				GCC_WARN_ABOUT_RETURN_TYPE = YES_ERROR;
				GCC_WARN_UNDECLARED_SELECTOR = YES;
				GCC_WARN_UNINITIALIZED_AUTOS = YES_AGGRESSIVE;
				GCC_WARN_UNUSED_FUNCTION = YES;
				GCC_WARN_UNUSED_VARIABLE = YES;
				IPHONEOS_DEPLOYMENT_TARGET = 9.2;
				MTL_ENABLE_DEBUG_INFO = YES;
				ONLY_ACTIVE_ARCH = YES;
				SDKROOT = iphoneos;
				SWIFT_OPTIMIZATION_LEVEL = "-Onone";
			};
			name = Debug;
		};
		71F64F8A1C7B4BC6007CC5CE /* Release */ = {
			isa = XCBuildConfiguration;
			buildSettings = {
				ALWAYS_SEARCH_USER_PATHS = NO;
				CLANG_CXX_LANGUAGE_STANDARD = "gnu++0x";
				CLANG_CXX_LIBRARY = "libc++";
				CLANG_ENABLE_MODULES = YES;
				CLANG_ENABLE_OBJC_ARC = YES;
				CLANG_WARN_BOOL_CONVERSION = YES;
				CLANG_WARN_CONSTANT_CONVERSION = YES;
				CLANG_WARN_DIRECT_OBJC_ISA_USAGE = YES_ERROR;
				CLANG_WARN_EMPTY_BODY = YES;
				CLANG_WARN_ENUM_CONVERSION = YES;
				CLANG_WARN_INT_CONVERSION = YES;
				CLANG_WARN_OBJC_ROOT_CLASS = YES_ERROR;
				CLANG_WARN_UNREACHABLE_CODE = YES;
				CLANG_WARN__DUPLICATE_METHOD_MATCH = YES;
				"CODE_SIGN_IDENTITY[sdk=iphoneos*]" = "iPhone Developer";
				COPY_PHASE_STRIP = NO;
				DEBUG_INFORMATION_FORMAT = "dwarf-with-dsym";
				ENABLE_NS_ASSERTIONS = NO;
				ENABLE_STRICT_OBJC_MSGSEND = YES;
				GCC_C_LANGUAGE_STANDARD = gnu99;
				GCC_NO_COMMON_BLOCKS = YES;
				GCC_WARN_64_TO_32_BIT_CONVERSION = YES;
				GCC_WARN_ABOUT_RETURN_TYPE = YES_ERROR;
				GCC_WARN_UNDECLARED_SELECTOR = YES;
				GCC_WARN_UNINITIALIZED_AUTOS = YES_AGGRESSIVE;
				GCC_WARN_UNUSED_FUNCTION = YES;
				GCC_WARN_UNUSED_VARIABLE = YES;
				IPHONEOS_DEPLOYMENT_TARGET = 9.2;
				MTL_ENABLE_DEBUG_INFO = NO;
				SDKROOT = iphoneos;
				VALIDATE_PRODUCT = YES;
			};
			name = Release;
		};
		71F64F8C1C7B4BC6007CC5CE /* Debug */ = {
			isa = XCBuildConfiguration;
			buildSettings = {
				ASSETCATALOG_COMPILER_APPICON_NAME = AppIcon;
				CODE_SIGN_IDENTITY = "iPhone Developer";
				"CODE_SIGN_IDENTITY[sdk=iphoneos*]" = "iPhone Developer";
				INFOPLIST_FILE = L08Sensors/Info.plist;
				LD_RUNPATH_SEARCH_PATHS = "$(inherited) @executable_path/Frameworks";
				PRODUCT_BUNDLE_IDENTIFIER = com.earth.L08Sensors;
				PRODUCT_NAME = "$(TARGET_NAME)";
				PROVISIONING_PROFILE = "";
			};
			name = Debug;
		};
		71F64F8D1C7B4BC6007CC5CE /* Release */ = {
			isa = XCBuildConfiguration;
			buildSettings = {
				ASSETCATALOG_COMPILER_APPICON_NAME = AppIcon;
				CODE_SIGN_IDENTITY = "iPhone Developer";
				"CODE_SIGN_IDENTITY[sdk=iphoneos*]" = "iPhone Developer";
				INFOPLIST_FILE = L08Sensors/Info.plist;
				LD_RUNPATH_SEARCH_PATHS = "$(inherited) @executable_path/Frameworks";
				PRODUCT_BUNDLE_IDENTIFIER = com.earth.L08Sensors;
				PRODUCT_NAME = "$(TARGET_NAME)";
				PROVISIONING_PROFILE = "";
			};
			name = Release;
		};
/* End XCBuildConfiguration section */

/* Begin XCConfigurationList section */
		71F64F741C7B4BC6007CC5CE /* Build configuration list for PBXProject "L08Sensors" */ = {
			isa = XCConfigurationList;
			buildConfigurations = (
				71F64F891C7B4BC6007CC5CE /* Debug */,
				71F64F8A1C7B4BC6007CC5CE /* Release */,
			);
			defaultConfigurationIsVisible = 0;
			defaultConfigurationName = Release;
		};
		71F64F8B1C7B4BC6007CC5CE /* Build configuration list for PBXNativeTarget "L08Sensors" */ = {
			isa = XCConfigurationList;
			buildConfigurations = (
				71F64F8C1C7B4BC6007CC5CE /* Debug */,
				71F64F8D1C7B4BC6007CC5CE /* Release */,
			);
			defaultConfigurationIsVisible = 0;
		};
/* End XCConfigurationList section */
	};
	rootObject = 71F64F711C7B4BC6007CC5CE /* Project object */;
}
