// !$*UTF8*$!
{
	archiveVersion = 1;
	classes = {
	};
	objectVersion = 46;
	objects = {

/* Begin PBXBuildFile section */
		719FB3D81CF1F19800000CAD /* main.m in Sources */ = {isa = PBXBuildFile; fileRef = 719FB3D71CF1F19800000CAD /* main.m */; };
		719FB3DB1CF1F19800000CAD /* AppDelegate.m in Sources */ = {isa = PBXBuildFile; fileRef = 719FB3DA1CF1F19800000CAD /* AppDelegate.m */; };
		719FB3DE1CF1F19800000CAD /* ViewController.m in Sources */ = {isa = PBXBuildFile; fileRef = 719FB3DD1CF1F19800000CAD /* ViewController.m */; };
		719FB3E11CF1F19800000CAD /* Main.storyboard in Resources */ = {isa = PBXBuildFile; fileRef = 719FB3DF1CF1F19800000CAD /* Main.storyboard */; };
		719FB3E31CF1F19800000CAD /* Assets.xcassets in Resources */ = {isa = PBXBuildFile; fileRef = 719FB3E21CF1F19800000CAD /* Assets.xcassets */; };
		719FB3E61CF1F19800000CAD /* LaunchScreen.storyboard in Resources */ = {isa = PBXBuildFile; fileRef = 719FB3E41CF1F19800000CAD /* LaunchScreen.storyboard */; };
		719FB3F01CF1F21D00000CAD /* AbastractProxy.m in Sources */ = {isa = PBXBuildFile; fileRef = 719FB3EF1CF1F21D00000CAD /* AbastractProxy.m */; };
		719FB3F31CF1F7EE00000CAD /* AbastractExcute.m in Sources */ = {isa = PBXBuildFile; fileRef = 719FB3F21CF1F7EE00000CAD /* AbastractExcute.m */; };
		719FB3F61CF29D7300000CAD /* ConcreteProxy.m in Sources */ = {isa = PBXBuildFile; fileRef = 719FB3F51CF29D7300000CAD /* ConcreteProxy.m */; };
/* End PBXBuildFile section */

/* Begin PBXFileReference section */
		719FB3D31CF1F19800000CAD /* L0903_用 NSProxy 实现代理模式.app */ = {isa = PBXFileReference; explicitFileType = wrapper.application; includeInIndex = 0; path = "L0903_用 NSProxy 实现代理模式.app"; sourceTree = BUILT_PRODUCTS_DIR; };
		719FB3D71CF1F19800000CAD /* main.m */ = {isa = PBXFileReference; lastKnownFileType = sourcecode.c.objc; path = main.m; sourceTree = "<group>"; };
		719FB3D91CF1F19800000CAD /* AppDelegate.h */ = {isa = PBXFileReference; lastKnownFileType = sourcecode.c.h; path = AppDelegate.h; sourceTree = "<group>"; };
		719FB3DA1CF1F19800000CAD /* AppDelegate.m */ = {isa = PBXFileReference; lastKnownFileType = sourcecode.c.objc; path = AppDelegate.m; sourceTree = "<group>"; };
		719FB3DC1CF1F19800000CAD /* ViewController.h */ = {isa = PBXFileReference; lastKnownFileType = sourcecode.c.h; path = ViewController.h; sourceTree = "<group>"; };
		719FB3DD1CF1F19800000CAD /* ViewController.m */ = {isa = PBXFileReference; lastKnownFileType = sourcecode.c.objc; path = ViewController.m; sourceTree = "<group>"; };
		719FB3E01CF1F19800000CAD /* Base */ = {isa = PBXFileReference; lastKnownFileType = file.storyboard; name = Base; path = Base.lproj/Main.storyboard; sourceTree = "<group>"; };
		719FB3E21CF1F19800000CAD /* Assets.xcassets */ = {isa = PBXFileReference; lastKnownFileType = folder.assetcatalog; path = Assets.xcassets; sourceTree = "<group>"; };
		719FB3E51CF1F19800000CAD /* Base */ = {isa = PBXFileReference; lastKnownFileType = file.storyboard; name = Base; path = Base.lproj/LaunchScreen.storyboard; sourceTree = "<group>"; };
		719FB3E71CF1F19800000CAD /* Info.plist */ = {isa = PBXFileReference; lastKnownFileType = text.plist.xml; path = Info.plist; sourceTree = "<group>"; };
		719FB3ED1CF1F1BF00000CAD /* MessageProtocol.h */ = {isa = PBXFileReference; fileEncoding = 4; lastKnownFileType = sourcecode.c.h; path = MessageProtocol.h; sourceTree = "<group>"; };
		719FB3EE1CF1F21D00000CAD /* AbastractProxy.h */ = {isa = PBXFileReference; fileEncoding = 4; lastKnownFileType = sourcecode.c.h; path = AbastractProxy.h; sourceTree = "<group>"; };
		719FB3EF1CF1F21D00000CAD /* AbastractProxy.m */ = {isa = PBXFileReference; fileEncoding = 4; lastKnownFileType = sourcecode.c.objc; path = AbastractProxy.m; sourceTree = "<group>"; };
		719FB3F11CF1F7EE00000CAD /* AbastractExcute.h */ = {isa = PBXFileReference; fileEncoding = 4; lastKnownFileType = sourcecode.c.h; path = AbastractExcute.h; sourceTree = "<group>"; };
		719FB3F21CF1F7EE00000CAD /* AbastractExcute.m */ = {isa = PBXFileReference; fileEncoding = 4; lastKnownFileType = sourcecode.c.objc; path = AbastractExcute.m; sourceTree = "<group>"; };
		719FB3F41CF29D7300000CAD /* ConcreteProxy.h */ = {isa = PBXFileReference; fileEncoding = 4; lastKnownFileType = sourcecode.c.h; path = ConcreteProxy.h; sourceTree = "<group>"; };
		719FB3F51CF29D7300000CAD /* ConcreteProxy.m */ = {isa = PBXFileReference; fileEncoding = 4; lastKnownFileType = sourcecode.c.objc; path = ConcreteProxy.m; sourceTree = "<group>"; };
/* End PBXFileReference section */

/* Begin PBXFrameworksBuildPhase section */
		719FB3D01CF1F19800000CAD /* Frameworks */ = {
			isa = PBXFrameworksBuildPhase;
			buildActionMask = 2147483647;
			files = (
			);
			runOnlyForDeploymentPostprocessing = 0;
		};
/* End PBXFrameworksBuildPhase section */

/* Begin PBXGroup section */
		719FB3CA1CF1F19800000CAD = {
			isa = PBXGroup;
			children = (
				719FB3D51CF1F19800000CAD /* L0903_用 NSProxy 实现代理模式 */,
				719FB3D41CF1F19800000CAD /* Products */,
			);
			sourceTree = "<group>";
		};
		719FB3D41CF1F19800000CAD /* Products */ = {
			isa = PBXGroup;
			children = (
				719FB3D31CF1F19800000CAD /* L0903_用 NSProxy 实现代理模式.app */,
			);
			name = Products;
			sourceTree = "<group>";
		};
		719FB3D51CF1F19800000CAD /* L0903_用 NSProxy 实现代理模式 */ = {
			isa = PBXGroup;
			children = (
				719FB3D91CF1F19800000CAD /* AppDelegate.h */,
				719FB3DA1CF1F19800000CAD /* AppDelegate.m */,
				719FB3DC1CF1F19800000CAD /* ViewController.h */,
				719FB3DD1CF1F19800000CAD /* ViewController.m */,
				719FB3DF1CF1F19800000CAD /* Main.storyboard */,
				719FB3E21CF1F19800000CAD /* Assets.xcassets */,
				719FB3E41CF1F19800000CAD /* LaunchScreen.storyboard */,
				719FB3E71CF1F19800000CAD /* Info.plist */,
				719FB3D61CF1F19800000CAD /* Supporting Files */,
				719FB3ED1CF1F1BF00000CAD /* MessageProtocol.h */,
				719FB3EE1CF1F21D00000CAD /* AbastractProxy.h */,
				719FB3EF1CF1F21D00000CAD /* AbastractProxy.m */,
				719FB3F11CF1F7EE00000CAD /* AbastractExcute.h */,
				719FB3F21CF1F7EE00000CAD /* AbastractExcute.m */,
				719FB3F41CF29D7300000CAD /* ConcreteProxy.h */,
				719FB3F51CF29D7300000CAD /* ConcreteProxy.m */,
			);
			path = "L0903_用 NSProxy 实现代理模式";
			sourceTree = "<group>";
		};
		719FB3D61CF1F19800000CAD /* Supporting Files */ = {
			isa = PBXGroup;
			children = (
				719FB3D71CF1F19800000CAD /* main.m */,
			);
			name = "Supporting Files";
			sourceTree = "<group>";
		};
/* End PBXGroup section */

/* Begin PBXNativeTarget section */
		719FB3D21CF1F19800000CAD /* L0903_用 NSProxy 实现代理模式 */ = {
			isa = PBXNativeTarget;
			buildConfigurationList = 719FB3EA1CF1F19800000CAD /* Build configuration list for PBXNativeTarget "L0903_用 NSProxy 实现代理模式" */;
			buildPhases = (
				719FB3CF1CF1F19800000CAD /* Sources */,
				719FB3D01CF1F19800000CAD /* Frameworks */,
				719FB3D11CF1F19800000CAD /* Resources */,
			);
			buildRules = (
			);
			dependencies = (
			);
			name = "L0903_用 NSProxy 实现代理模式";
			productName = "L0903_用 NSProxy 实现代理模式";
			productReference = 719FB3D31CF1F19800000CAD /* L0903_用 NSProxy 实现代理模式.app */;
			productType = "com.apple.product-type.application";
		};
/* End PBXNativeTarget section */

/* Begin PBXProject section */
		719FB3CB1CF1F19800000CAD /* Project object */ = {
			isa = PBXProject;
			attributes = {
				LastUpgradeCheck = 0730;
				ORGANIZATIONNAME = TonyEarth;
				TargetAttributes = {
					719FB3D21CF1F19800000CAD = {
						CreatedOnToolsVersion = 7.3.1;
						DevelopmentTeam = E355287BUN;
					};
				};
			};
			buildConfigurationList = 719FB3CE1CF1F19800000CAD /* Build configuration list for PBXProject "L0903_用 NSProxy 实现代理模式" */;
			compatibilityVersion = "Xcode 3.2";
			developmentRegion = English;
			hasScannedForEncodings = 0;
			knownRegions = (
				en,
				Base,
			);
			mainGroup = 719FB3CA1CF1F19800000CAD;
			productRefGroup = 719FB3D41CF1F19800000CAD /* Products */;
			projectDirPath = "";
			projectRoot = "";
			targets = (
				719FB3D21CF1F19800000CAD /* L0903_用 NSProxy 实现代理模式 */,
			);
		};
/* End PBXProject section */

/* Begin PBXResourcesBuildPhase section */
		719FB3D11CF1F19800000CAD /* Resources */ = {
			isa = PBXResourcesBuildPhase;
			buildActionMask = 2147483647;
			files = (
				719FB3E61CF1F19800000CAD /* LaunchScreen.storyboard in Resources */,
				719FB3E31CF1F19800000CAD /* Assets.xcassets in Resources */,
				719FB3E11CF1F19800000CAD /* Main.storyboard in Resources */,
			);
			runOnlyForDeploymentPostprocessing = 0;
		};
/* End PBXResourcesBuildPhase section */

/* Begin PBXSourcesBuildPhase section */
		719FB3CF1CF1F19800000CAD /* Sources */ = {
			isa = PBXSourcesBuildPhase;
			buildActionMask = 2147483647;
			files = (
				719FB3F31CF1F7EE00000CAD /* AbastractExcute.m in Sources */,
				719FB3DE1CF1F19800000CAD /* ViewController.m in Sources */,
				719FB3DB1CF1F19800000CAD /* AppDelegate.m in Sources */,
				719FB3F01CF1F21D00000CAD /* AbastractProxy.m in Sources */,
				719FB3D81CF1F19800000CAD /* main.m in Sources */,
				719FB3F61CF29D7300000CAD /* ConcreteProxy.m in Sources */,
			);
			runOnlyForDeploymentPostprocessing = 0;
		};
/* End PBXSourcesBuildPhase section */

/* Begin PBXVariantGroup section */
		719FB3DF1CF1F19800000CAD /* Main.storyboard */ = {
			isa = PBXVariantGroup;
			children = (
				719FB3E01CF1F19800000CAD /* Base */,
			);
			name = Main.storyboard;
			sourceTree = "<group>";
		};
		719FB3E41CF1F19800000CAD /* LaunchScreen.storyboard */ = {
			isa = PBXVariantGroup;
			children = (
				719FB3E51CF1F19800000CAD /* Base */,
			);
			name = LaunchScreen.storyboard;
			sourceTree = "<group>";
		};
/* End PBXVariantGroup section */

/* Begin XCBuildConfiguration section */
		719FB3E81CF1F19800000CAD /* Debug */ = {
			isa = XCBuildConfiguration;
			buildSettings = {
				ALWAYS_SEARCH_USER_PATHS = NO;
				CLANG_ANALYZER_NONNULL = YES;
				CLANG_CXX_LANGUAGE_STANDARD = "gnu++0x";
				CLANG_CXX_LIBRARY = "libc++";
				CLANG_ENABLE_MODULES = YES;
				CLANG_ENABLE_OBJC_ARC = YES;
				CLANG_WARN_BOOL_CONVERSION = YES;
				CLANG_WARN_CONSTANT_CONVERSION = YES;
				CLANG_WARN_DIRECT_OBJC_ISA_USAGE = YES_ERROR;
				CLANG_WARN_EMPTY_BODY = YES;
				CLANG_WARN_ENUM_CONVERSION = YES;
				CLANG_WARN_INT_CONVERSION = YES;
				CLANG_WARN_OBJC_ROOT_CLASS = YES_ERROR;
				CLANG_WARN_UNREACHABLE_CODE = YES;
				CLANG_WARN__DUPLICATE_METHOD_MATCH = YES;
				"CODE_SIGN_IDENTITY[sdk=iphoneos*]" = "iPhone Developer";
				COPY_PHASE_STRIP = NO;
				DEBUG_INFORMATION_FORMAT = dwarf;
				ENABLE_STRICT_OBJC_MSGSEND = YES;
				ENABLE_TESTABILITY = YES;
				GCC_C_LANGUAGE_STANDARD = gnu99;
				GCC_DYNAMIC_NO_PIC = NO;
				GCC_NO_COMMON_BLOCKS = YES;
				GCC_OPTIMIZATION_LEVEL = 0;
				GCC_PREPROCESSOR_DEFINITIONS = (
					"DEBUG=1",
					"$(inherited)",
				);
				GCC_WARN_64_TO_32_BIT_CONVERSION = YES;
				GCC_WARN_ABOUT_RETURN_TYPE = YES_ERROR;
				GCC_WARN_UNDECLARED_SELECTOR = YES;
				GCC_WARN_UNINITIALIZED_AUTOS = YES_AGGRESSIVE;
				GCC_WARN_UNUSED_FUNCTION = YES;
				GCC_WARN_UNUSED_VARIABLE = YES;
				IPHONEOS_DEPLOYMENT_TARGET = 9.3;
				MTL_ENABLE_DEBUG_INFO = YES;
				ONLY_ACTIVE_ARCH = YES;
				SDKROOT = iphoneos;
			};
			name = Debug;
		};
		719FB3E91CF1F19800000CAD /* Release */ = {
			isa = XCBuildConfiguration;
			buildSettings = {
				ALWAYS_SEARCH_USER_PATHS = NO;
				CLANG_ANALYZER_NONNULL = YES;
				CLANG_CXX_LANGUAGE_STANDARD = "gnu++0x";
				CLANG_CXX_LIBRARY = "libc++";
				CLANG_ENABLE_MODULES = YES;
				CLANG_ENABLE_OBJC_ARC = YES;
				CLANG_WARN_BOOL_CONVERSION = YES;
				CLANG_WARN_CONSTANT_CONVERSION = YES;
				CLANG_WARN_DIRECT_OBJC_ISA_USAGE = YES_ERROR;
				CLANG_WARN_EMPTY_BODY = YES;
				CLANG_WARN_ENUM_CONVERSION = YES;
				CLANG_WARN_INT_CONVERSION = YES;
				CLANG_WARN_OBJC_ROOT_CLASS = YES_ERROR;
				CLANG_WARN_UNREACHABLE_CODE = YES;
				CLANG_WARN__DUPLICATE_METHOD_MATCH = YES;
				"CODE_SIGN_IDENTITY[sdk=iphoneos*]" = "iPhone Developer";
				COPY_PHASE_STRIP = NO;
				DEBUG_INFORMATION_FORMAT = "dwarf-with-dsym";
				ENABLE_NS_ASSERTIONS = NO;
				ENABLE_STRICT_OBJC_MSGSEND = YES;
				GCC_C_LANGUAGE_STANDARD = gnu99;
				GCC_NO_COMMON_BLOCKS = YES;
				GCC_WARN_64_TO_32_BIT_CONVERSION = YES;
				GCC_WARN_ABOUT_RETURN_TYPE = YES_ERROR;
				GCC_WARN_UNDECLARED_SELECTOR = YES;
				GCC_WARN_UNINITIALIZED_AUTOS = YES_AGGRESSIVE;
				GCC_WARN_UNUSED_FUNCTION = YES;
				GCC_WARN_UNUSED_VARIABLE = YES;
				IPHONEOS_DEPLOYMENT_TARGET = 9.3;
				MTL_ENABLE_DEBUG_INFO = NO;
				SDKROOT = iphoneos;
				VALIDATE_PRODUCT = YES;
			};
			name = Release;
		};
		719FB3EB1CF1F19800000CAD /* Debug */ = {
			isa = XCBuildConfiguration;
			buildSettings = {
				ASSETCATALOG_COMPILER_APPICON_NAME = AppIcon;
				INFOPLIST_FILE = "L0903_用 NSProxy 实现代理模式/Info.plist";
				LD_RUNPATH_SEARCH_PATHS = "$(inherited) @executable_path/Frameworks";
				PRODUCT_BUNDLE_IDENTIFIER = "com.earth.L0903---NSProxy-------";
				PRODUCT_NAME = "$(TARGET_NAME)";
			};
			name = Debug;
		};
		719FB3EC1CF1F19800000CAD /* Release */ = {
			isa = XCBuildConfiguration;
			buildSettings = {
				ASSETCATALOG_COMPILER_APPICON_NAME = AppIcon;
				INFOPLIST_FILE = "L0903_用 NSProxy 实现代理模式/Info.plist";
				LD_RUNPATH_SEARCH_PATHS = "$(inherited) @executable_path/Frameworks";
				PRODUCT_BUNDLE_IDENTIFIER = "com.earth.L0903---NSProxy-------";
				PRODUCT_NAME = "$(TARGET_NAME)";
			};
			name = Release;
		};
/* End XCBuildConfiguration section */

/* Begin XCConfigurationList section */
		719FB3CE1CF1F19800000CAD /* Build configuration list for PBXProject "L0903_用 NSProxy 实现代理模式" */ = {
			isa = XCConfigurationList;
			buildConfigurations = (
				719FB3E81CF1F19800000CAD /* Debug */,
				719FB3E91CF1F19800000CAD /* Release */,
			);
			defaultConfigurationIsVisible = 0;
			defaultConfigurationName = Release;
		};
		719FB3EA1CF1F19800000CAD /* Build configuration list for PBXNativeTarget "L0903_用 NSProxy 实现代理模式" */ = {
			isa = XCConfigurationList;
			buildConfigurations = (
				719FB3EB1CF1F19800000CAD /* Debug */,
				719FB3EC1CF1F19800000CAD /* Release */,
			);
			defaultConfigurationIsVisible = 0;
		};
/* End XCConfigurationList section */
	};
	rootObject = 719FB3CB1CF1F19800000CAD /* Project object */;
}
