// !$*UTF8*$!
{
	archiveVersion = 1;
	classes = {
	};
	objectVersion = 46;
	objects = {

/* Begin PBXBuildFile section */
		71AD17C91CA97E1000537FAF /* main.m in Sources */ = {isa = PBXBuildFile; fileRef = 71AD17C81CA97E1000537FAF /* main.m */; };
		71AD17CC1CA97E1000537FAF /* AppDelegate.m in Sources */ = {isa = PBXBuildFile; fileRef = 71AD17CB1CA97E1000537FAF /* AppDelegate.m */; };
		71AD17CF1CA97E1000537FAF /* ViewController.m in Sources */ = {isa = PBXBuildFile; fileRef = 71AD17CE1CA97E1000537FAF /* ViewController.m */; };
		71AD17D21CA97E1000537FAF /* Main.storyboard in Resources */ = {isa = PBXBuildFile; fileRef = 71AD17D01CA97E1000537FAF /* Main.storyboard */; };
		71AD17D41CA97E1000537FAF /* Assets.xcassets in Resources */ = {isa = PBXBuildFile; fileRef = 71AD17D31CA97E1000537FAF /* Assets.xcassets */; };
		71AD17D71CA97E1000537FAF /* LaunchScreen.storyboard in Resources */ = {isa = PBXBuildFile; fileRef = 71AD17D51CA97E1000537FAF /* LaunchScreen.storyboard */; };
		71AD17DF1CA97E2A00537FAF /* QuartzCore.framework in Frameworks */ = {isa = PBXBuildFile; fileRef = 71AD17DE1CA97E2A00537FAF /* QuartzCore.framework */; };
		71AD17E51CA97E8500537FAF /* MyCALyer.m in Sources */ = {isa = PBXBuildFile; fileRef = 71AD17E41CA97E8500537FAF /* MyCALyer.m */; };
/* End PBXBuildFile section */

/* Begin PBXFileReference section */
		71AD17C41CA97E1000537FAF /* L15自定义图层-方式1-继承CALayer.app */ = {isa = PBXFileReference; explicitFileType = wrapper.application; includeInIndex = 0; path = "L15自定义图层-方式1-继承CALayer.app"; sourceTree = BUILT_PRODUCTS_DIR; };
		71AD17C81CA97E1000537FAF /* main.m */ = {isa = PBXFileReference; lastKnownFileType = sourcecode.c.objc; path = main.m; sourceTree = "<group>"; };
		71AD17CA1CA97E1000537FAF /* AppDelegate.h */ = {isa = PBXFileReference; lastKnownFileType = sourcecode.c.h; path = AppDelegate.h; sourceTree = "<group>"; };
		71AD17CB1CA97E1000537FAF /* AppDelegate.m */ = {isa = PBXFileReference; lastKnownFileType = sourcecode.c.objc; path = AppDelegate.m; sourceTree = "<group>"; };
		71AD17CD1CA97E1000537FAF /* ViewController.h */ = {isa = PBXFileReference; lastKnownFileType = sourcecode.c.h; path = ViewController.h; sourceTree = "<group>"; };
		71AD17CE1CA97E1000537FAF /* ViewController.m */ = {isa = PBXFileReference; lastKnownFileType = sourcecode.c.objc; path = ViewController.m; sourceTree = "<group>"; };
		71AD17D11CA97E1000537FAF /* Base */ = {isa = PBXFileReference; lastKnownFileType = file.storyboard; name = Base; path = Base.lproj/Main.storyboard; sourceTree = "<group>"; };
		71AD17D31CA97E1000537FAF /* Assets.xcassets */ = {isa = PBXFileReference; lastKnownFileType = folder.assetcatalog; path = Assets.xcassets; sourceTree = "<group>"; };
		71AD17D61CA97E1000537FAF /* Base */ = {isa = PBXFileReference; lastKnownFileType = file.storyboard; name = Base; path = Base.lproj/LaunchScreen.storyboard; sourceTree = "<group>"; };
		71AD17D81CA97E1000537FAF /* Info.plist */ = {isa = PBXFileReference; lastKnownFileType = text.plist.xml; path = Info.plist; sourceTree = "<group>"; };
		71AD17DE1CA97E2A00537FAF /* QuartzCore.framework */ = {isa = PBXFileReference; lastKnownFileType = wrapper.framework; name = QuartzCore.framework; path = System/Library/Frameworks/QuartzCore.framework; sourceTree = SDKROOT; };
		71AD17E31CA97E8500537FAF /* MyCALyer.h */ = {isa = PBXFileReference; fileEncoding = 4; lastKnownFileType = sourcecode.c.h; path = MyCALyer.h; sourceTree = "<group>"; };
		71AD17E41CA97E8500537FAF /* MyCALyer.m */ = {isa = PBXFileReference; fileEncoding = 4; lastKnownFileType = sourcecode.c.objc; path = MyCALyer.m; sourceTree = "<group>"; };
/* End PBXFileReference section */

/* Begin PBXFrameworksBuildPhase section */
		71AD17C11CA97E1000537FAF /* Frameworks */ = {
			isa = PBXFrameworksBuildPhase;
			buildActionMask = 2147483647;
			files = (
				71AD17DF1CA97E2A00537FAF /* QuartzCore.framework in Frameworks */,
			);
			runOnlyForDeploymentPostprocessing = 0;
		};
/* End PBXFrameworksBuildPhase section */

/* Begin PBXGroup section */
		71AD17BB1CA97E1000537FAF = {
			isa = PBXGroup;
			children = (
				71AD17C61CA97E1000537FAF /* L15自定义图层-方式1-继承CALayer */,
				71AD17C51CA97E1000537FAF /* Products */,
			);
			sourceTree = "<group>";
		};
		71AD17C51CA97E1000537FAF /* Products */ = {
			isa = PBXGroup;
			children = (
				71AD17C41CA97E1000537FAF /* L15自定义图层-方式1-继承CALayer.app */,
			);
			name = Products;
			sourceTree = "<group>";
		};
		71AD17C61CA97E1000537FAF /* L15自定义图层-方式1-继承CALayer */ = {
			isa = PBXGroup;
			children = (
				71AD17E31CA97E8500537FAF /* MyCALyer.h */,
				71AD17E41CA97E8500537FAF /* MyCALyer.m */,
				71AD17CA1CA97E1000537FAF /* AppDelegate.h */,
				71AD17CB1CA97E1000537FAF /* AppDelegate.m */,
				71AD17CD1CA97E1000537FAF /* ViewController.h */,
				71AD17CE1CA97E1000537FAF /* ViewController.m */,
				71AD17D01CA97E1000537FAF /* Main.storyboard */,
				71AD17D31CA97E1000537FAF /* Assets.xcassets */,
				71AD17D51CA97E1000537FAF /* LaunchScreen.storyboard */,
				71AD17D81CA97E1000537FAF /* Info.plist */,
				71AD17C71CA97E1000537FAF /* Supporting Files */,
			);
			path = "L15自定义图层-方式1-继承CALayer";
			sourceTree = "<group>";
		};
		71AD17C71CA97E1000537FAF /* Supporting Files */ = {
			isa = PBXGroup;
			children = (
				71AD17DE1CA97E2A00537FAF /* QuartzCore.framework */,
				71AD17C81CA97E1000537FAF /* main.m */,
			);
			name = "Supporting Files";
			sourceTree = "<group>";
		};
/* End PBXGroup section */

/* Begin PBXNativeTarget section */
		71AD17C31CA97E1000537FAF /* L15自定义图层-方式1-继承CALayer */ = {
			isa = PBXNativeTarget;
			buildConfigurationList = 71AD17DB1CA97E1000537FAF /* Build configuration list for PBXNativeTarget "L15自定义图层-方式1-继承CALayer" */;
			buildPhases = (
				71AD17C01CA97E1000537FAF /* Sources */,
				71AD17C11CA97E1000537FAF /* Frameworks */,
				71AD17C21CA97E1000537FAF /* Resources */,
			);
			buildRules = (
			);
			dependencies = (
			);
			name = "L15自定义图层-方式1-继承CALayer";
			productName = "L15自定义图层-方式1-继承CALayer";
			productReference = 71AD17C41CA97E1000537FAF /* L15自定义图层-方式1-继承CALayer.app */;
			productType = "com.apple.product-type.application";
		};
/* End PBXNativeTarget section */

/* Begin PBXProject section */
		71AD17BC1CA97E1000537FAF /* Project object */ = {
			isa = PBXProject;
			attributes = {
				LastUpgradeCheck = 0720;
				ORGANIZATIONNAME = TonyEarth;
				TargetAttributes = {
					71AD17C31CA97E1000537FAF = {
						CreatedOnToolsVersion = 7.2.1;
						DevelopmentTeam = E355287BUN;
					};
				};
			};
			buildConfigurationList = 71AD17BF1CA97E1000537FAF /* Build configuration list for PBXProject "L15自定义图层-方式1-继承CALayer" */;
			compatibilityVersion = "Xcode 3.2";
			developmentRegion = English;
			hasScannedForEncodings = 0;
			knownRegions = (
				en,
				Base,
			);
			mainGroup = 71AD17BB1CA97E1000537FAF;
			productRefGroup = 71AD17C51CA97E1000537FAF /* Products */;
			projectDirPath = "";
			projectRoot = "";
			targets = (
				71AD17C31CA97E1000537FAF /* L15自定义图层-方式1-继承CALayer */,
			);
		};
/* End PBXProject section */

/* Begin PBXResourcesBuildPhase section */
		71AD17C21CA97E1000537FAF /* Resources */ = {
			isa = PBXResourcesBuildPhase;
			buildActionMask = 2147483647;
			files = (
				71AD17D71CA97E1000537FAF /* LaunchScreen.storyboard in Resources */,
				71AD17D41CA97E1000537FAF /* Assets.xcassets in Resources */,
				71AD17D21CA97E1000537FAF /* Main.storyboard in Resources */,
			);
			runOnlyForDeploymentPostprocessing = 0;
		};
/* End PBXResourcesBuildPhase section */

/* Begin PBXSourcesBuildPhase section */
		71AD17C01CA97E1000537FAF /* Sources */ = {
			isa = PBXSourcesBuildPhase;
			buildActionMask = 2147483647;
			files = (
				71AD17CF1CA97E1000537FAF /* ViewController.m in Sources */,
				71AD17CC1CA97E1000537FAF /* AppDelegate.m in Sources */,
				71AD17C91CA97E1000537FAF /* main.m in Sources */,
				71AD17E51CA97E8500537FAF /* MyCALyer.m in Sources */,
			);
			runOnlyForDeploymentPostprocessing = 0;
		};
/* End PBXSourcesBuildPhase section */

/* Begin PBXVariantGroup section */
		71AD17D01CA97E1000537FAF /* Main.storyboard */ = {
			isa = PBXVariantGroup;
			children = (
				71AD17D11CA97E1000537FAF /* Base */,
			);
			name = Main.storyboard;
			sourceTree = "<group>";
		};
		71AD17D51CA97E1000537FAF /* LaunchScreen.storyboard */ = {
			isa = PBXVariantGroup;
			children = (
				71AD17D61CA97E1000537FAF /* Base */,
			);
			name = LaunchScreen.storyboard;
			sourceTree = "<group>";
		};
/* End PBXVariantGroup section */

/* Begin XCBuildConfiguration section */
		71AD17D91CA97E1000537FAF /* Debug */ = {
			isa = XCBuildConfiguration;
			buildSettings = {
				ALWAYS_SEARCH_USER_PATHS = NO;
				CLANG_CXX_LANGUAGE_STANDARD = "gnu++0x";
				CLANG_CXX_LIBRARY = "libc++";
				CLANG_ENABLE_MODULES = YES;
				CLANG_ENABLE_OBJC_ARC = YES;
				CLANG_WARN_BOOL_CONVERSION = YES;
				CLANG_WARN_CONSTANT_CONVERSION = YES;
				CLANG_WARN_DIRECT_OBJC_ISA_USAGE = YES_ERROR;
				CLANG_WARN_EMPTY_BODY = YES;
				CLANG_WARN_ENUM_CONVERSION = YES;
				CLANG_WARN_INT_CONVERSION = YES;
				CLANG_WARN_OBJC_ROOT_CLASS = YES_ERROR;
				CLANG_WARN_UNREACHABLE_CODE = YES;
				CLANG_WARN__DUPLICATE_METHOD_MATCH = YES;
				"CODE_SIGN_IDENTITY[sdk=iphoneos*]" = "iPhone Developer";
				COPY_PHASE_STRIP = NO;
				DEBUG_INFORMATION_FORMAT = dwarf;
				ENABLE_STRICT_OBJC_MSGSEND = YES;
				ENABLE_TESTABILITY = YES;
				GCC_C_LANGUAGE_STANDARD = gnu99;
				GCC_DYNAMIC_NO_PIC = NO;
				GCC_NO_COMMON_BLOCKS = YES;
				GCC_OPTIMIZATION_LEVEL = 0;
				GCC_PREPROCESSOR_DEFINITIONS = (
					"DEBUG=1",
					"$(inherited)",
				);
				GCC_WARN_64_TO_32_BIT_CONVERSION = YES;
				GCC_WARN_ABOUT_RETURN_TYPE = YES_ERROR;
				GCC_WARN_UNDECLARED_SELECTOR = YES;
				GCC_WARN_UNINITIALIZED_AUTOS = YES_AGGRESSIVE;
				GCC_WARN_UNUSED_FUNCTION = YES;
				GCC_WARN_UNUSED_VARIABLE = YES;
				IPHONEOS_DEPLOYMENT_TARGET = 9.2;
				MTL_ENABLE_DEBUG_INFO = YES;
				ONLY_ACTIVE_ARCH = YES;
				SDKROOT = iphoneos;
			};
			name = Debug;
		};
		71AD17DA1CA97E1000537FAF /* Release */ = {
			isa = XCBuildConfiguration;
			buildSettings = {
				ALWAYS_SEARCH_USER_PATHS = NO;
				CLANG_CXX_LANGUAGE_STANDARD = "gnu++0x";
				CLANG_CXX_LIBRARY = "libc++";
				CLANG_ENABLE_MODULES = YES;
				CLANG_ENABLE_OBJC_ARC = YES;
				CLANG_WARN_BOOL_CONVERSION = YES;
				CLANG_WARN_CONSTANT_CONVERSION = YES;
				CLANG_WARN_DIRECT_OBJC_ISA_USAGE = YES_ERROR;
				CLANG_WARN_EMPTY_BODY = YES;
				CLANG_WARN_ENUM_CONVERSION = YES;
				CLANG_WARN_INT_CONVERSION = YES;
				CLANG_WARN_OBJC_ROOT_CLASS = YES_ERROR;
				CLANG_WARN_UNREACHABLE_CODE = YES;
				CLANG_WARN__DUPLICATE_METHOD_MATCH = YES;
				"CODE_SIGN_IDENTITY[sdk=iphoneos*]" = "iPhone Developer";
				COPY_PHASE_STRIP = NO;
				DEBUG_INFORMATION_FORMAT = "dwarf-with-dsym";
				ENABLE_NS_ASSERTIONS = NO;
				ENABLE_STRICT_OBJC_MSGSEND = YES;
				GCC_C_LANGUAGE_STANDARD = gnu99;
				GCC_NO_COMMON_BLOCKS = YES;
				GCC_WARN_64_TO_32_BIT_CONVERSION = YES;
				GCC_WARN_ABOUT_RETURN_TYPE = YES_ERROR;
				GCC_WARN_UNDECLARED_SELECTOR = YES;
				GCC_WARN_UNINITIALIZED_AUTOS = YES_AGGRESSIVE;
				GCC_WARN_UNUSED_FUNCTION = YES;
				GCC_WARN_UNUSED_VARIABLE = YES;
				IPHONEOS_DEPLOYMENT_TARGET = 9.2;
				MTL_ENABLE_DEBUG_INFO = NO;
				SDKROOT = iphoneos;
				VALIDATE_PRODUCT = YES;
			};
			name = Release;
		};
		71AD17DC1CA97E1000537FAF /* Debug */ = {
			isa = XCBuildConfiguration;
			buildSettings = {
				ASSETCATALOG_COMPILER_APPICON_NAME = AppIcon;
				INFOPLIST_FILE = "L15自定义图层-方式1-继承CALayer/Info.plist";
				LD_RUNPATH_SEARCH_PATHS = "$(inherited) @executable_path/Frameworks";
				PRODUCT_BUNDLE_IDENTIFIER = "com.earth.L15--------1---CALayer";
				PRODUCT_NAME = "$(TARGET_NAME)";
			};
			name = Debug;
		};
		71AD17DD1CA97E1000537FAF /* Release */ = {
			isa = XCBuildConfiguration;
			buildSettings = {
				ASSETCATALOG_COMPILER_APPICON_NAME = AppIcon;
				INFOPLIST_FILE = "L15自定义图层-方式1-继承CALayer/Info.plist";
				LD_RUNPATH_SEARCH_PATHS = "$(inherited) @executable_path/Frameworks";
				PRODUCT_BUNDLE_IDENTIFIER = "com.earth.L15--------1---CALayer";
				PRODUCT_NAME = "$(TARGET_NAME)";
			};
			name = Release;
		};
/* End XCBuildConfiguration section */

/* Begin XCConfigurationList section */
		71AD17BF1CA97E1000537FAF /* Build configuration list for PBXProject "L15自定义图层-方式1-继承CALayer" */ = {
			isa = XCConfigurationList;
			buildConfigurations = (
				71AD17D91CA97E1000537FAF /* Debug */,
				71AD17DA1CA97E1000537FAF /* Release */,
			);
			defaultConfigurationIsVisible = 0;
			defaultConfigurationName = Release;
		};
		71AD17DB1CA97E1000537FAF /* Build configuration list for PBXNativeTarget "L15自定义图层-方式1-继承CALayer" */ = {
			isa = XCConfigurationList;
			buildConfigurations = (
				71AD17DC1CA97E1000537FAF /* Debug */,
				71AD17DD1CA97E1000537FAF /* Release */,
			);
			defaultConfigurationIsVisible = 0;
		};
/* End XCConfigurationList section */
	};
	rootObject = 71AD17BC1CA97E1000537FAF /* Project object */;
}
