// !$*UTF8*$!
{
	archiveVersion = 1;
	classes = {
	};
	objectVersion = 46;
	objects = {

/* Begin PBXBuildFile section */
		719A67ED1C81C408008517FB /* AppDelegate.swift in Sources */ = {isa = PBXBuildFile; fileRef = 719A67EC1C81C408008517FB /* AppDelegate.swift */; };
		719A67EF1C81C408008517FB /* ViewController.swift in Sources */ = {isa = PBXBuildFile; fileRef = 719A67EE1C81C408008517FB /* ViewController.swift */; };
		719A67F21C81C408008517FB /* Main.storyboard in Resources */ = {isa = PBXBuildFile; fileRef = 719A67F01C81C408008517FB /* Main.storyboard */; };
		719A67F41C81C408008517FB /* Assets.xcassets in Resources */ = {isa = PBXBuildFile; fileRef = 719A67F31C81C408008517FB /* Assets.xcassets */; };
		719A67F71C81C408008517FB /* LaunchScreen.storyboard in Resources */ = {isa = PBXBuildFile; fileRef = 719A67F51C81C408008517FB /* LaunchScreen.storyboard */; };
/* End PBXBuildFile section */

/* Begin PBXFileReference section */
		719A67E91C81C408008517FB /* L02加法计算器.app */ = {isa = PBXFileReference; explicitFileType = wrapper.application; includeInIndex = 0; path = "L02加法计算器.app"; sourceTree = BUILT_PRODUCTS_DIR; };
		719A67EC1C81C408008517FB /* AppDelegate.swift */ = {isa = PBXFileReference; lastKnownFileType = sourcecode.swift; path = AppDelegate.swift; sourceTree = "<group>"; };
		719A67EE1C81C408008517FB /* ViewController.swift */ = {isa = PBXFileReference; lastKnownFileType = sourcecode.swift; path = ViewController.swift; sourceTree = "<group>"; };
		719A67F11C81C408008517FB /* Base */ = {isa = PBXFileReference; lastKnownFileType = file.storyboard; name = Base; path = Base.lproj/Main.storyboard; sourceTree = "<group>"; };
		719A67F31C81C408008517FB /* Assets.xcassets */ = {isa = PBXFileReference; lastKnownFileType = folder.assetcatalog; path = Assets.xcassets; sourceTree = "<group>"; };
		719A67F61C81C408008517FB /* Base */ = {isa = PBXFileReference; lastKnownFileType = file.storyboard; name = Base; path = Base.lproj/LaunchScreen.storyboard; sourceTree = "<group>"; };
		719A67F81C81C408008517FB /* Info.plist */ = {isa = PBXFileReference; lastKnownFileType = text.plist.xml; path = Info.plist; sourceTree = "<group>"; };
/* End PBXFileReference section */

/* Begin PBXFrameworksBuildPhase section */
		719A67E61C81C408008517FB /* Frameworks */ = {
			isa = PBXFrameworksBuildPhase;
			buildActionMask = 2147483647;
			files = (
			);
			runOnlyForDeploymentPostprocessing = 0;
		};
/* End PBXFrameworksBuildPhase section */

/* Begin PBXGroup section */
		719A67E01C81C408008517FB = {
			isa = PBXGroup;
			children = (
				719A67EB1C81C408008517FB /* L02加法计算器 */,
				719A67EA1C81C408008517FB /* Products */,
			);
			sourceTree = "<group>";
		};
		719A67EA1C81C408008517FB /* Products */ = {
			isa = PBXGroup;
			children = (
				719A67E91C81C408008517FB /* L02加法计算器.app */,
			);
			name = Products;
			sourceTree = "<group>";
		};
		719A67EB1C81C408008517FB /* L02加法计算器 */ = {
			isa = PBXGroup;
			children = (
				719A67EC1C81C408008517FB /* AppDelegate.swift */,
				719A67EE1C81C408008517FB /* ViewController.swift */,
				719A67F01C81C408008517FB /* Main.storyboard */,
				719A67F31C81C408008517FB /* Assets.xcassets */,
				719A67F51C81C408008517FB /* LaunchScreen.storyboard */,
				719A67F81C81C408008517FB /* Info.plist */,
			);
			path = "L02加法计算器";
			sourceTree = "<group>";
		};
/* End PBXGroup section */

/* Begin PBXNativeTarget section */
		719A67E81C81C408008517FB /* L02加法计算器 */ = {
			isa = PBXNativeTarget;
			buildConfigurationList = 719A67FB1C81C408008517FB /* Build configuration list for PBXNativeTarget "L02加法计算器" */;
			buildPhases = (
				719A67E51C81C408008517FB /* Sources */,
				719A67E61C81C408008517FB /* Frameworks */,
				719A67E71C81C408008517FB /* Resources */,
			);
			buildRules = (
			);
			dependencies = (
			);
			name = "L02加法计算器";
			productName = "L02加法计算器";
			productReference = 719A67E91C81C408008517FB /* L02加法计算器.app */;
			productType = "com.apple.product-type.application";
		};
/* End PBXNativeTarget section */

/* Begin PBXProject section */
		719A67E11C81C408008517FB /* Project object */ = {
			isa = PBXProject;
			attributes = {
				LastSwiftUpdateCheck = 0720;
				LastUpgradeCheck = 0720;
				ORGANIZATIONNAME = TonyEarth;
				TargetAttributes = {
					719A67E81C81C408008517FB = {
						CreatedOnToolsVersion = 7.2.1;
						DevelopmentTeam = E355287BUN;
					};
				};
			};
			buildConfigurationList = 719A67E41C81C408008517FB /* Build configuration list for PBXProject "L02加法计算器" */;
			compatibilityVersion = "Xcode 3.2";
			developmentRegion = English;
			hasScannedForEncodings = 0;
			knownRegions = (
				en,
				Base,
			);
			mainGroup = 719A67E01C81C408008517FB;
			productRefGroup = 719A67EA1C81C408008517FB /* Products */;
			projectDirPath = "";
			projectRoot = "";
			targets = (
				719A67E81C81C408008517FB /* L02加法计算器 */,
			);
		};
/* End PBXProject section */

/* Begin PBXResourcesBuildPhase section */
		719A67E71C81C408008517FB /* Resources */ = {
			isa = PBXResourcesBuildPhase;
			buildActionMask = 2147483647;
			files = (
				719A67F71C81C408008517FB /* LaunchScreen.storyboard in Resources */,
				719A67F41C81C408008517FB /* Assets.xcassets in Resources */,
				719A67F21C81C408008517FB /* Main.storyboard in Resources */,
			);
			runOnlyForDeploymentPostprocessing = 0;
		};
/* End PBXResourcesBuildPhase section */

/* Begin PBXSourcesBuildPhase section */
		719A67E51C81C408008517FB /* Sources */ = {
			isa = PBXSourcesBuildPhase;
			buildActionMask = 2147483647;
			files = (
				719A67EF1C81C408008517FB /* ViewController.swift in Sources */,
				719A67ED1C81C408008517FB /* AppDelegate.swift in Sources */,
			);
			runOnlyForDeploymentPostprocessing = 0;
		};
/* End PBXSourcesBuildPhase section */

/* Begin PBXVariantGroup section */
		719A67F01C81C408008517FB /* Main.storyboard */ = {
			isa = PBXVariantGroup;
			children = (
				719A67F11C81C408008517FB /* Base */,
			);
			name = Main.storyboard;
			sourceTree = "<group>";
		};
		719A67F51C81C408008517FB /* LaunchScreen.storyboard */ = {
			isa = PBXVariantGroup;
			children = (
				719A67F61C81C408008517FB /* Base */,
			);
			name = LaunchScreen.storyboard;
			sourceTree = "<group>";
		};
/* End PBXVariantGroup section */

/* Begin XCBuildConfiguration section */
		719A67F91C81C408008517FB /* Debug */ = {
			isa = XCBuildConfiguration;
			buildSettings = {
				ALWAYS_SEARCH_USER_PATHS = NO;
				CLANG_CXX_LANGUAGE_STANDARD = "gnu++0x";
				CLANG_CXX_LIBRARY = "libc++";
				CLANG_ENABLE_MODULES = YES;
				CLANG_ENABLE_OBJC_ARC = YES;
				CLANG_WARN_BOOL_CONVERSION = YES;
				CLANG_WARN_CONSTANT_CONVERSION = YES;
				CLANG_WARN_DIRECT_OBJC_ISA_USAGE = YES_ERROR;
				CLANG_WARN_EMPTY_BODY = YES;
				CLANG_WARN_ENUM_CONVERSION = YES;
				CLANG_WARN_INT_CONVERSION = YES;
				CLANG_WARN_OBJC_ROOT_CLASS = YES_ERROR;
				CLANG_WARN_UNREACHABLE_CODE = YES;
				CLANG_WARN__DUPLICATE_METHOD_MATCH = YES;
				"CODE_SIGN_IDENTITY[sdk=iphoneos*]" = "iPhone Developer";
				COPY_PHASE_STRIP = NO;
				DEBUG_INFORMATION_FORMAT = dwarf;
				ENABLE_STRICT_OBJC_MSGSEND = YES;
				ENABLE_TESTABILITY = YES;
				GCC_C_LANGUAGE_STANDARD = gnu99;
				GCC_DYNAMIC_NO_PIC = NO;
				GCC_NO_COMMON_BLOCKS = YES;
				GCC_OPTIMIZATION_LEVEL = 0;
				GCC_PREPROCESSOR_DEFINITIONS = (
					"DEBUG=1",
					"$(inherited)",
				);
				GCC_WARN_64_TO_32_BIT_CONVERSION = YES;
				GCC_WARN_ABOUT_RETURN_TYPE = YES_ERROR;
				GCC_WARN_UNDECLARED_SELECTOR = YES;
				GCC_WARN_UNINITIALIZED_AUTOS = YES_AGGRESSIVE;
				GCC_WARN_UNUSED_FUNCTION = YES;
				GCC_WARN_UNUSED_VARIABLE = YES;
				IPHONEOS_DEPLOYMENT_TARGET = 9.2;
				MTL_ENABLE_DEBUG_INFO = YES;
				ONLY_ACTIVE_ARCH = YES;
				SDKROOT = iphoneos;
				SWIFT_OPTIMIZATION_LEVEL = "-Onone";
			};
			name = Debug;
		};
		719A67FA1C81C408008517FB /* Release */ = {
			isa = XCBuildConfiguration;
			buildSettings = {
				ALWAYS_SEARCH_USER_PATHS = NO;
				CLANG_CXX_LANGUAGE_STANDARD = "gnu++0x";
				CLANG_CXX_LIBRARY = "libc++";
				CLANG_ENABLE_MODULES = YES;
				CLANG_ENABLE_OBJC_ARC = YES;
				CLANG_WARN_BOOL_CONVERSION = YES;
				CLANG_WARN_CONSTANT_CONVERSION = YES;
				CLANG_WARN_DIRECT_OBJC_ISA_USAGE = YES_ERROR;
				CLANG_WARN_EMPTY_BODY = YES;
				CLANG_WARN_ENUM_CONVERSION = YES;
				CLANG_WARN_INT_CONVERSION = YES;
				CLANG_WARN_OBJC_ROOT_CLASS = YES_ERROR;
				CLANG_WARN_UNREACHABLE_CODE = YES;
				CLANG_WARN__DUPLICATE_METHOD_MATCH = YES;
				"CODE_SIGN_IDENTITY[sdk=iphoneos*]" = "iPhone Developer";
				COPY_PHASE_STRIP = NO;
				DEBUG_INFORMATION_FORMAT = "dwarf-with-dsym";
				ENABLE_NS_ASSERTIONS = NO;
				ENABLE_STRICT_OBJC_MSGSEND = YES;
				GCC_C_LANGUAGE_STANDARD = gnu99;
				GCC_NO_COMMON_BLOCKS = YES;
				GCC_WARN_64_TO_32_BIT_CONVERSION = YES;
				GCC_WARN_ABOUT_RETURN_TYPE = YES_ERROR;
				GCC_WARN_UNDECLARED_SELECTOR = YES;
				GCC_WARN_UNINITIALIZED_AUTOS = YES_AGGRESSIVE;
				GCC_WARN_UNUSED_FUNCTION = YES;
				GCC_WARN_UNUSED_VARIABLE = YES;
				IPHONEOS_DEPLOYMENT_TARGET = 9.2;
				MTL_ENABLE_DEBUG_INFO = NO;
				SDKROOT = iphoneos;
				VALIDATE_PRODUCT = YES;
			};
			name = Release;
		};
		719A67FC1C81C408008517FB /* Debug */ = {
			isa = XCBuildConfiguration;
			buildSettings = {
				ASSETCATALOG_COMPILER_APPICON_NAME = AppIcon;
				INFOPLIST_FILE = "L02加法计算器/Info.plist";
				LD_RUNPATH_SEARCH_PATHS = "$(inherited) @executable_path/Frameworks";
				PRODUCT_BUNDLE_IDENTIFIER = "com.earth.L02-----";
				PRODUCT_NAME = "$(TARGET_NAME)";
			};
			name = Debug;
		};
		719A67FD1C81C408008517FB /* Release */ = {
			isa = XCBuildConfiguration;
			buildSettings = {
				ASSETCATALOG_COMPILER_APPICON_NAME = AppIcon;
				INFOPLIST_FILE = "L02加法计算器/Info.plist";
				LD_RUNPATH_SEARCH_PATHS = "$(inherited) @executable_path/Frameworks";
				PRODUCT_BUNDLE_IDENTIFIER = "com.earth.L02-----";
				PRODUCT_NAME = "$(TARGET_NAME)";
			};
			name = Release;
		};
/* End XCBuildConfiguration section */

/* Begin XCConfigurationList section */
		719A67E41C81C408008517FB /* Build configuration list for PBXProject "L02加法计算器" */ = {
			isa = XCConfigurationList;
			buildConfigurations = (
				719A67F91C81C408008517FB /* Debug */,
				719A67FA1C81C408008517FB /* Release */,
			);
			defaultConfigurationIsVisible = 0;
			defaultConfigurationName = Release;
		};
		719A67FB1C81C408008517FB /* Build configuration list for PBXNativeTarget "L02加法计算器" */ = {
			isa = XCConfigurationList;
			buildConfigurations = (
				719A67FC1C81C408008517FB /* Debug */,
				719A67FD1C81C408008517FB /* Release */,
			);
			defaultConfigurationIsVisible = 0;
		};
/* End XCConfigurationList section */
	};
	rootObject = 719A67E11C81C408008517FB /* Project object */;
}
