// !$*UTF8*$!
{
	archiveVersion = 1;
	classes = {
	};
	objectVersion = 46;
	objects = {

/* Begin PBXBuildFile section */
		71093D1A1CD4820300EE9986 /* Model.m in Sources */ = {isa = PBXBuildFile; fileRef = 71093D191CD4820300EE9986 /* Model.m */; };
		71093D1D1CD485A500EE9986 /* ModelAdapter.m in Sources */ = {isa = PBXBuildFile; fileRef = 71093D1C1CD485A500EE9986 /* ModelAdapter.m */; };
		71093D201CD49F6A00EE9986 /* CardAdapter.m in Sources */ = {isa = PBXBuildFile; fileRef = 71093D1F1CD49F6A00EE9986 /* CardAdapter.m */; };
		71093D231CD49FCA00EE9986 /* NewCardModelAdapter.m in Sources */ = {isa = PBXBuildFile; fileRef = 71093D221CD49FCA00EE9986 /* NewCardModelAdapter.m */; };
		71093D261CD4A07D00EE9986 /* NewCardModel.m in Sources */ = {isa = PBXBuildFile; fileRef = 71093D251CD4A07D00EE9986 /* NewCardModel.m */; };
		717429EA1CD3B130005769F7 /* main.m in Sources */ = {isa = PBXBuildFile; fileRef = 717429E91CD3B130005769F7 /* main.m */; };
		717429ED1CD3B130005769F7 /* AppDelegate.m in Sources */ = {isa = PBXBuildFile; fileRef = 717429EC1CD3B130005769F7 /* AppDelegate.m */; };
		717429F01CD3B130005769F7 /* ViewController.m in Sources */ = {isa = PBXBuildFile; fileRef = 717429EF1CD3B130005769F7 /* ViewController.m */; };
		717429F31CD3B130005769F7 /* Main.storyboard in Resources */ = {isa = PBXBuildFile; fileRef = 717429F11CD3B130005769F7 /* Main.storyboard */; };
		717429F51CD3B130005769F7 /* Assets.xcassets in Resources */ = {isa = PBXBuildFile; fileRef = 717429F41CD3B130005769F7 /* Assets.xcassets */; };
		717429F81CD3B130005769F7 /* LaunchScreen.storyboard in Resources */ = {isa = PBXBuildFile; fileRef = 717429F61CD3B130005769F7 /* LaunchScreen.storyboard */; };
		71742A041CD45F14005769F7 /* BusinessCardAdapter.m in Sources */ = {isa = PBXBuildFile; fileRef = 71742A031CD45F14005769F7 /* BusinessCardAdapter.m */; };
		71742A0A1CD4653B005769F7 /* BusinessCardUIView.m in Sources */ = {isa = PBXBuildFile; fileRef = 71742A091CD4653B005769F7 /* BusinessCardUIView.m */; };
/* End PBXBuildFile section */

/* Begin PBXFileReference section */
		71093D181CD4820300EE9986 /* Model.h */ = {isa = PBXFileReference; fileEncoding = 4; lastKnownFileType = sourcecode.c.h; path = Model.h; sourceTree = "<group>"; };
		71093D191CD4820300EE9986 /* Model.m */ = {isa = PBXFileReference; fileEncoding = 4; lastKnownFileType = sourcecode.c.objc; path = Model.m; sourceTree = "<group>"; };
		71093D1B1CD485A500EE9986 /* ModelAdapter.h */ = {isa = PBXFileReference; fileEncoding = 4; lastKnownFileType = sourcecode.c.h; path = ModelAdapter.h; sourceTree = "<group>"; };
		71093D1C1CD485A500EE9986 /* ModelAdapter.m */ = {isa = PBXFileReference; fileEncoding = 4; lastKnownFileType = sourcecode.c.objc; path = ModelAdapter.m; sourceTree = "<group>"; };
		71093D1E1CD49F6A00EE9986 /* CardAdapter.h */ = {isa = PBXFileReference; fileEncoding = 4; lastKnownFileType = sourcecode.c.h; path = CardAdapter.h; sourceTree = "<group>"; };
		71093D1F1CD49F6A00EE9986 /* CardAdapter.m */ = {isa = PBXFileReference; fileEncoding = 4; lastKnownFileType = sourcecode.c.objc; path = CardAdapter.m; sourceTree = "<group>"; };
		71093D211CD49FCA00EE9986 /* NewCardModelAdapter.h */ = {isa = PBXFileReference; fileEncoding = 4; lastKnownFileType = sourcecode.c.h; path = NewCardModelAdapter.h; sourceTree = "<group>"; };
		71093D221CD49FCA00EE9986 /* NewCardModelAdapter.m */ = {isa = PBXFileReference; fileEncoding = 4; lastKnownFileType = sourcecode.c.objc; path = NewCardModelAdapter.m; sourceTree = "<group>"; };
		71093D241CD4A07D00EE9986 /* NewCardModel.h */ = {isa = PBXFileReference; fileEncoding = 4; lastKnownFileType = sourcecode.c.h; path = NewCardModel.h; sourceTree = "<group>"; };
		71093D251CD4A07D00EE9986 /* NewCardModel.m */ = {isa = PBXFileReference; fileEncoding = 4; lastKnownFileType = sourcecode.c.objc; path = NewCardModel.m; sourceTree = "<group>"; };
		717429E51CD3B130005769F7 /* L0103_使用适配器模式.app */ = {isa = PBXFileReference; explicitFileType = wrapper.application; includeInIndex = 0; path = "L0103_使用适配器模式.app"; sourceTree = BUILT_PRODUCTS_DIR; };
		717429E91CD3B130005769F7 /* main.m */ = {isa = PBXFileReference; lastKnownFileType = sourcecode.c.objc; path = main.m; sourceTree = "<group>"; };
		717429EB1CD3B130005769F7 /* AppDelegate.h */ = {isa = PBXFileReference; lastKnownFileType = sourcecode.c.h; path = AppDelegate.h; sourceTree = "<group>"; };
		717429EC1CD3B130005769F7 /* AppDelegate.m */ = {isa = PBXFileReference; lastKnownFileType = sourcecode.c.objc; path = AppDelegate.m; sourceTree = "<group>"; };
		717429EE1CD3B130005769F7 /* ViewController.h */ = {isa = PBXFileReference; lastKnownFileType = sourcecode.c.h; path = ViewController.h; sourceTree = "<group>"; };
		717429EF1CD3B130005769F7 /* ViewController.m */ = {isa = PBXFileReference; lastKnownFileType = sourcecode.c.objc; path = ViewController.m; sourceTree = "<group>"; };
		717429F21CD3B130005769F7 /* Base */ = {isa = PBXFileReference; lastKnownFileType = file.storyboard; name = Base; path = Base.lproj/Main.storyboard; sourceTree = "<group>"; };
		717429F41CD3B130005769F7 /* Assets.xcassets */ = {isa = PBXFileReference; lastKnownFileType = folder.assetcatalog; path = Assets.xcassets; sourceTree = "<group>"; };
		717429F71CD3B130005769F7 /* Base */ = {isa = PBXFileReference; lastKnownFileType = file.storyboard; name = Base; path = Base.lproj/LaunchScreen.storyboard; sourceTree = "<group>"; };
		717429F91CD3B130005769F7 /* Info.plist */ = {isa = PBXFileReference; lastKnownFileType = text.plist.xml; path = Info.plist; sourceTree = "<group>"; };
		71742A011CD3B1F9005769F7 /* BusinessCardAdapterProtocol.h */ = {isa = PBXFileReference; fileEncoding = 4; lastKnownFileType = sourcecode.c.h; path = BusinessCardAdapterProtocol.h; sourceTree = "<group>"; };
		71742A021CD45F14005769F7 /* BusinessCardAdapter.h */ = {isa = PBXFileReference; fileEncoding = 4; lastKnownFileType = sourcecode.c.h; path = BusinessCardAdapter.h; sourceTree = "<group>"; };
		71742A031CD45F14005769F7 /* BusinessCardAdapter.m */ = {isa = PBXFileReference; fileEncoding = 4; lastKnownFileType = sourcecode.c.objc; path = BusinessCardAdapter.m; sourceTree = "<group>"; };
		71742A081CD4653B005769F7 /* BusinessCardUIView.h */ = {isa = PBXFileReference; fileEncoding = 4; lastKnownFileType = sourcecode.c.h; path = BusinessCardUIView.h; sourceTree = "<group>"; };
		71742A091CD4653B005769F7 /* BusinessCardUIView.m */ = {isa = PBXFileReference; fileEncoding = 4; lastKnownFileType = sourcecode.c.objc; path = BusinessCardUIView.m; sourceTree = "<group>"; };
/* End PBXFileReference section */

/* Begin PBXFrameworksBuildPhase section */
		717429E21CD3B130005769F7 /* Frameworks */ = {
			isa = PBXFrameworksBuildPhase;
			buildActionMask = 2147483647;
			files = (
			);
			runOnlyForDeploymentPostprocessing = 0;
		};
/* End PBXFrameworksBuildPhase section */

/* Begin PBXGroup section */
		71093D171CD4815400EE9986 /* Model */ = {
			isa = PBXGroup;
			children = (
				71093D181CD4820300EE9986 /* Model.h */,
				71093D191CD4820300EE9986 /* Model.m */,
				71093D1B1CD485A500EE9986 /* ModelAdapter.h */,
				71093D1C1CD485A500EE9986 /* ModelAdapter.m */,
				71093D241CD4A07D00EE9986 /* NewCardModel.h */,
				71093D251CD4A07D00EE9986 /* NewCardModel.m */,
			);
			name = Model;
			sourceTree = "<group>";
		};
		717429DC1CD3B130005769F7 = {
			isa = PBXGroup;
			children = (
				717429E71CD3B130005769F7 /* L0103_使用适配器模式 */,
				717429E61CD3B130005769F7 /* Products */,
			);
			sourceTree = "<group>";
		};
		717429E61CD3B130005769F7 /* Products */ = {
			isa = PBXGroup;
			children = (
				717429E51CD3B130005769F7 /* L0103_使用适配器模式.app */,
			);
			name = Products;
			sourceTree = "<group>";
		};
		717429E71CD3B130005769F7 /* L0103_使用适配器模式 */ = {
			isa = PBXGroup;
			children = (
				71093D171CD4815400EE9986 /* Model */,
				71742A001CD3B17F005769F7 /* BusinessCardView */,
				717429EB1CD3B130005769F7 /* AppDelegate.h */,
				717429EC1CD3B130005769F7 /* AppDelegate.m */,
				717429EE1CD3B130005769F7 /* ViewController.h */,
				717429EF1CD3B130005769F7 /* ViewController.m */,
				717429F11CD3B130005769F7 /* Main.storyboard */,
				717429F41CD3B130005769F7 /* Assets.xcassets */,
				717429F61CD3B130005769F7 /* LaunchScreen.storyboard */,
				717429F91CD3B130005769F7 /* Info.plist */,
				717429E81CD3B130005769F7 /* Supporting Files */,
			);
			path = "L0103_使用适配器模式";
			sourceTree = "<group>";
		};
		717429E81CD3B130005769F7 /* Supporting Files */ = {
			isa = PBXGroup;
			children = (
				717429E91CD3B130005769F7 /* main.m */,
			);
			name = "Supporting Files";
			sourceTree = "<group>";
		};
		71742A001CD3B17F005769F7 /* BusinessCardView */ = {
			isa = PBXGroup;
			children = (
				71742A011CD3B1F9005769F7 /* BusinessCardAdapterProtocol.h */,
				71742A021CD45F14005769F7 /* BusinessCardAdapter.h */,
				71742A031CD45F14005769F7 /* BusinessCardAdapter.m */,
				71742A081CD4653B005769F7 /* BusinessCardUIView.h */,
				71742A091CD4653B005769F7 /* BusinessCardUIView.m */,
				71093D1E1CD49F6A00EE9986 /* CardAdapter.h */,
				71093D1F1CD49F6A00EE9986 /* CardAdapter.m */,
				71093D211CD49FCA00EE9986 /* NewCardModelAdapter.h */,
				71093D221CD49FCA00EE9986 /* NewCardModelAdapter.m */,
			);
			name = BusinessCardView;
			sourceTree = "<group>";
		};
/* End PBXGroup section */

/* Begin PBXNativeTarget section */
		717429E41CD3B130005769F7 /* L0103_使用适配器模式 */ = {
			isa = PBXNativeTarget;
			buildConfigurationList = 717429FC1CD3B130005769F7 /* Build configuration list for PBXNativeTarget "L0103_使用适配器模式" */;
			buildPhases = (
				717429E11CD3B130005769F7 /* Sources */,
				717429E21CD3B130005769F7 /* Frameworks */,
				717429E31CD3B130005769F7 /* Resources */,
			);
			buildRules = (
			);
			dependencies = (
			);
			name = "L0103_使用适配器模式";
			productName = "L0103_使用适配器模式";
			productReference = 717429E51CD3B130005769F7 /* L0103_使用适配器模式.app */;
			productType = "com.apple.product-type.application";
		};
/* End PBXNativeTarget section */

/* Begin PBXProject section */
		717429DD1CD3B130005769F7 /* Project object */ = {
			isa = PBXProject;
			attributes = {
				LastUpgradeCheck = 0730;
				ORGANIZATIONNAME = TonyEarth;
				TargetAttributes = {
					717429E41CD3B130005769F7 = {
						CreatedOnToolsVersion = 7.3;
						DevelopmentTeam = E355287BUN;
					};
				};
			};
			buildConfigurationList = 717429E01CD3B130005769F7 /* Build configuration list for PBXProject "L0103_使用适配器模式" */;
			compatibilityVersion = "Xcode 3.2";
			developmentRegion = English;
			hasScannedForEncodings = 0;
			knownRegions = (
				en,
				Base,
			);
			mainGroup = 717429DC1CD3B130005769F7;
			productRefGroup = 717429E61CD3B130005769F7 /* Products */;
			projectDirPath = "";
			projectRoot = "";
			targets = (
				717429E41CD3B130005769F7 /* L0103_使用适配器模式 */,
			);
		};
/* End PBXProject section */

/* Begin PBXResourcesBuildPhase section */
		717429E31CD3B130005769F7 /* Resources */ = {
			isa = PBXResourcesBuildPhase;
			buildActionMask = 2147483647;
			files = (
				717429F81CD3B130005769F7 /* LaunchScreen.storyboard in Resources */,
				717429F51CD3B130005769F7 /* Assets.xcassets in Resources */,
				717429F31CD3B130005769F7 /* Main.storyboard in Resources */,
			);
			runOnlyForDeploymentPostprocessing = 0;
		};
/* End PBXResourcesBuildPhase section */

/* Begin PBXSourcesBuildPhase section */
		717429E11CD3B130005769F7 /* Sources */ = {
			isa = PBXSourcesBuildPhase;
			buildActionMask = 2147483647;
			files = (
				717429F01CD3B130005769F7 /* ViewController.m in Sources */,
				717429ED1CD3B130005769F7 /* AppDelegate.m in Sources */,
				71093D261CD4A07D00EE9986 /* NewCardModel.m in Sources */,
				71093D1D1CD485A500EE9986 /* ModelAdapter.m in Sources */,
				71093D201CD49F6A00EE9986 /* CardAdapter.m in Sources */,
				717429EA1CD3B130005769F7 /* main.m in Sources */,
				71093D1A1CD4820300EE9986 /* Model.m in Sources */,
				71742A041CD45F14005769F7 /* BusinessCardAdapter.m in Sources */,
				71742A0A1CD4653B005769F7 /* BusinessCardUIView.m in Sources */,
				71093D231CD49FCA00EE9986 /* NewCardModelAdapter.m in Sources */,
			);
			runOnlyForDeploymentPostprocessing = 0;
		};
/* End PBXSourcesBuildPhase section */

/* Begin PBXVariantGroup section */
		717429F11CD3B130005769F7 /* Main.storyboard */ = {
			isa = PBXVariantGroup;
			children = (
				717429F21CD3B130005769F7 /* Base */,
			);
			name = Main.storyboard;
			sourceTree = "<group>";
		};
		717429F61CD3B130005769F7 /* LaunchScreen.storyboard */ = {
			isa = PBXVariantGroup;
			children = (
				717429F71CD3B130005769F7 /* Base */,
			);
			name = LaunchScreen.storyboard;
			sourceTree = "<group>";
		};
/* End PBXVariantGroup section */

/* Begin XCBuildConfiguration section */
		717429FA1CD3B130005769F7 /* Debug */ = {
			isa = XCBuildConfiguration;
			buildSettings = {
				ALWAYS_SEARCH_USER_PATHS = NO;
				CLANG_ANALYZER_NONNULL = YES;
				CLANG_CXX_LANGUAGE_STANDARD = "gnu++0x";
				CLANG_CXX_LIBRARY = "libc++";
				CLANG_ENABLE_MODULES = YES;
				CLANG_ENABLE_OBJC_ARC = YES;
				CLANG_WARN_BOOL_CONVERSION = YES;
				CLANG_WARN_CONSTANT_CONVERSION = YES;
				CLANG_WARN_DIRECT_OBJC_ISA_USAGE = YES_ERROR;
				CLANG_WARN_EMPTY_BODY = YES;
				CLANG_WARN_ENUM_CONVERSION = YES;
				CLANG_WARN_INT_CONVERSION = YES;
				CLANG_WARN_OBJC_ROOT_CLASS = YES_ERROR;
				CLANG_WARN_UNREACHABLE_CODE = YES;
				CLANG_WARN__DUPLICATE_METHOD_MATCH = YES;
				"CODE_SIGN_IDENTITY[sdk=iphoneos*]" = "iPhone Developer";
				COPY_PHASE_STRIP = NO;
				DEBUG_INFORMATION_FORMAT = dwarf;
				ENABLE_STRICT_OBJC_MSGSEND = YES;
				ENABLE_TESTABILITY = YES;
				GCC_C_LANGUAGE_STANDARD = gnu99;
				GCC_DYNAMIC_NO_PIC = NO;
				GCC_NO_COMMON_BLOCKS = YES;
				GCC_OPTIMIZATION_LEVEL = 0;
				GCC_PREPROCESSOR_DEFINITIONS = (
					"DEBUG=1",
					"$(inherited)",
				);
				GCC_WARN_64_TO_32_BIT_CONVERSION = YES;
				GCC_WARN_ABOUT_RETURN_TYPE = YES_ERROR;
				GCC_WARN_UNDECLARED_SELECTOR = YES;
				GCC_WARN_UNINITIALIZED_AUTOS = YES_AGGRESSIVE;
				GCC_WARN_UNUSED_FUNCTION = YES;
				GCC_WARN_UNUSED_VARIABLE = YES;
				IPHONEOS_DEPLOYMENT_TARGET = 9.3;
				MTL_ENABLE_DEBUG_INFO = YES;
				ONLY_ACTIVE_ARCH = YES;
				SDKROOT = iphoneos;
			};
			name = Debug;
		};
		717429FB1CD3B130005769F7 /* Release */ = {
			isa = XCBuildConfiguration;
			buildSettings = {
				ALWAYS_SEARCH_USER_PATHS = NO;
				CLANG_ANALYZER_NONNULL = YES;
				CLANG_CXX_LANGUAGE_STANDARD = "gnu++0x";
				CLANG_CXX_LIBRARY = "libc++";
				CLANG_ENABLE_MODULES = YES;
				CLANG_ENABLE_OBJC_ARC = YES;
				CLANG_WARN_BOOL_CONVERSION = YES;
				CLANG_WARN_CONSTANT_CONVERSION = YES;
				CLANG_WARN_DIRECT_OBJC_ISA_USAGE = YES_ERROR;
				CLANG_WARN_EMPTY_BODY = YES;
				CLANG_WARN_ENUM_CONVERSION = YES;
				CLANG_WARN_INT_CONVERSION = YES;
				CLANG_WARN_OBJC_ROOT_CLASS = YES_ERROR;
				CLANG_WARN_UNREACHABLE_CODE = YES;
				CLANG_WARN__DUPLICATE_METHOD_MATCH = YES;
				"CODE_SIGN_IDENTITY[sdk=iphoneos*]" = "iPhone Developer";
				COPY_PHASE_STRIP = NO;
				DEBUG_INFORMATION_FORMAT = "dwarf-with-dsym";
				ENABLE_NS_ASSERTIONS = NO;
				ENABLE_STRICT_OBJC_MSGSEND = YES;
				GCC_C_LANGUAGE_STANDARD = gnu99;
				GCC_NO_COMMON_BLOCKS = YES;
				GCC_WARN_64_TO_32_BIT_CONVERSION = YES;
				GCC_WARN_ABOUT_RETURN_TYPE = YES_ERROR;
				GCC_WARN_UNDECLARED_SELECTOR = YES;
				GCC_WARN_UNINITIALIZED_AUTOS = YES_AGGRESSIVE;
				GCC_WARN_UNUSED_FUNCTION = YES;
				GCC_WARN_UNUSED_VARIABLE = YES;
				IPHONEOS_DEPLOYMENT_TARGET = 9.3;
				MTL_ENABLE_DEBUG_INFO = NO;
				SDKROOT = iphoneos;
				VALIDATE_PRODUCT = YES;
			};
			name = Release;
		};
		717429FD1CD3B130005769F7 /* Debug */ = {
			isa = XCBuildConfiguration;
			buildSettings = {
				ASSETCATALOG_COMPILER_APPICON_NAME = AppIcon;
				INFOPLIST_FILE = "L0103_使用适配器模式/Info.plist";
				LD_RUNPATH_SEARCH_PATHS = "$(inherited) @executable_path/Frameworks";
				PRODUCT_BUNDLE_IDENTIFIER = "com.earth.L0103--------";
				PRODUCT_NAME = "$(TARGET_NAME)";
			};
			name = Debug;
		};
		717429FE1CD3B130005769F7 /* Release */ = {
			isa = XCBuildConfiguration;
			buildSettings = {
				ASSETCATALOG_COMPILER_APPICON_NAME = AppIcon;
				INFOPLIST_FILE = "L0103_使用适配器模式/Info.plist";
				LD_RUNPATH_SEARCH_PATHS = "$(inherited) @executable_path/Frameworks";
				PRODUCT_BUNDLE_IDENTIFIER = "com.earth.L0103--------";
				PRODUCT_NAME = "$(TARGET_NAME)";
			};
			name = Release;
		};
/* End XCBuildConfiguration section */

/* Begin XCConfigurationList section */
		717429E01CD3B130005769F7 /* Build configuration list for PBXProject "L0103_使用适配器模式" */ = {
			isa = XCConfigurationList;
			buildConfigurations = (
				717429FA1CD3B130005769F7 /* Debug */,
				717429FB1CD3B130005769F7 /* Release */,
			);
			defaultConfigurationIsVisible = 0;
			defaultConfigurationName = Release;
		};
		717429FC1CD3B130005769F7 /* Build configuration list for PBXNativeTarget "L0103_使用适配器模式" */ = {
			isa = XCConfigurationList;
			buildConfigurations = (
				717429FD1CD3B130005769F7 /* Debug */,
				717429FE1CD3B130005769F7 /* Release */,
			);
			defaultConfigurationIsVisible = 0;
			defaultConfigurationName = Release;
		};
/* End XCConfigurationList section */
	};
	rootObject = 717429DD1CD3B130005769F7 /* Project object */;
}
