// !$*UTF8*$!
{
	archiveVersion = 1;
	classes = {
	};
	objectVersion = 46;
	objects = {

/* Begin PBXBuildFile section */
		714B73301CB94D8D00AE089A /* main.m in Sources */ = {isa = PBXBuildFile; fileRef = 714B732F1CB94D8D00AE089A /* main.m */; };
		714B73331CB94D8D00AE089A /* AppDelegate.m in Sources */ = {isa = PBXBuildFile; fileRef = 714B73321CB94D8D00AE089A /* AppDelegate.m */; };
		714B73361CB94D8D00AE089A /* ViewController.m in Sources */ = {isa = PBXBuildFile; fileRef = 714B73351CB94D8D00AE089A /* ViewController.m */; };
		714B73391CB94D8E00AE089A /* Main.storyboard in Resources */ = {isa = PBXBuildFile; fileRef = 714B73371CB94D8E00AE089A /* Main.storyboard */; };
		714B733B1CB94D8E00AE089A /* Assets.xcassets in Resources */ = {isa = PBXBuildFile; fileRef = 714B733A1CB94D8E00AE089A /* Assets.xcassets */; };
		714B733E1CB94D8E00AE089A /* LaunchScreen.storyboard in Resources */ = {isa = PBXBuildFile; fileRef = 714B733C1CB94D8E00AE089A /* LaunchScreen.storyboard */; };
		714B73491CB94DB500AE089A /* easing.c in Sources */ = {isa = PBXBuildFile; fileRef = 714B73451CB94DB500AE089A /* easing.c */; };
		714B734A1CB94DB500AE089A /* YXEasing.m in Sources */ = {isa = PBXBuildFile; fileRef = 714B73481CB94DB500AE089A /* YXEasing.m */; };
/* End PBXBuildFile section */

/* Begin PBXFileReference section */
		714B732B1CB94D8D00AE089A /* L0501缓动函数源码.app */ = {isa = PBXFileReference; explicitFileType = wrapper.application; includeInIndex = 0; path = "L0501缓动函数源码.app"; sourceTree = BUILT_PRODUCTS_DIR; };
		714B732F1CB94D8D00AE089A /* main.m */ = {isa = PBXFileReference; lastKnownFileType = sourcecode.c.objc; path = main.m; sourceTree = "<group>"; };
		714B73311CB94D8D00AE089A /* AppDelegate.h */ = {isa = PBXFileReference; lastKnownFileType = sourcecode.c.h; path = AppDelegate.h; sourceTree = "<group>"; };
		714B73321CB94D8D00AE089A /* AppDelegate.m */ = {isa = PBXFileReference; lastKnownFileType = sourcecode.c.objc; path = AppDelegate.m; sourceTree = "<group>"; };
		714B73341CB94D8D00AE089A /* ViewController.h */ = {isa = PBXFileReference; lastKnownFileType = sourcecode.c.h; path = ViewController.h; sourceTree = "<group>"; };
		714B73351CB94D8D00AE089A /* ViewController.m */ = {isa = PBXFileReference; lastKnownFileType = sourcecode.c.objc; path = ViewController.m; sourceTree = "<group>"; };
		714B73381CB94D8E00AE089A /* Base */ = {isa = PBXFileReference; lastKnownFileType = file.storyboard; name = Base; path = Base.lproj/Main.storyboard; sourceTree = "<group>"; };
		714B733A1CB94D8E00AE089A /* Assets.xcassets */ = {isa = PBXFileReference; lastKnownFileType = folder.assetcatalog; path = Assets.xcassets; sourceTree = "<group>"; };
		714B733D1CB94D8E00AE089A /* Base */ = {isa = PBXFileReference; lastKnownFileType = file.storyboard; name = Base; path = Base.lproj/LaunchScreen.storyboard; sourceTree = "<group>"; };
		714B733F1CB94D8E00AE089A /* Info.plist */ = {isa = PBXFileReference; lastKnownFileType = text.plist.xml; path = Info.plist; sourceTree = "<group>"; };
		714B73451CB94DB500AE089A /* easing.c */ = {isa = PBXFileReference; fileEncoding = 4; lastKnownFileType = sourcecode.c.c; path = easing.c; sourceTree = "<group>"; };
		714B73461CB94DB500AE089A /* easing.h */ = {isa = PBXFileReference; fileEncoding = 4; lastKnownFileType = sourcecode.c.h; path = easing.h; sourceTree = "<group>"; };
		714B73471CB94DB500AE089A /* YXEasing.h */ = {isa = PBXFileReference; fileEncoding = 4; lastKnownFileType = sourcecode.c.h; path = YXEasing.h; sourceTree = "<group>"; };
		714B73481CB94DB500AE089A /* YXEasing.m */ = {isa = PBXFileReference; fileEncoding = 4; lastKnownFileType = sourcecode.c.objc; path = YXEasing.m; sourceTree = "<group>"; };
/* End PBXFileReference section */

/* Begin PBXFrameworksBuildPhase section */
		714B73281CB94D8D00AE089A /* Frameworks */ = {
			isa = PBXFrameworksBuildPhase;
			buildActionMask = 2147483647;
			files = (
			);
			runOnlyForDeploymentPostprocessing = 0;
		};
/* End PBXFrameworksBuildPhase section */

/* Begin PBXGroup section */
		714B73221CB94D8D00AE089A = {
			isa = PBXGroup;
			children = (
				714B732D1CB94D8D00AE089A /* L0501缓动函数源码 */,
				714B732C1CB94D8D00AE089A /* Products */,
			);
			sourceTree = "<group>";
		};
		714B732C1CB94D8D00AE089A /* Products */ = {
			isa = PBXGroup;
			children = (
				714B732B1CB94D8D00AE089A /* L0501缓动函数源码.app */,
			);
			name = Products;
			sourceTree = "<group>";
		};
		714B732D1CB94D8D00AE089A /* L0501缓动函数源码 */ = {
			isa = PBXGroup;
			children = (
				714B734B1CB94DBB00AE089A /* EasingAnimation */,
				714B73311CB94D8D00AE089A /* AppDelegate.h */,
				714B73321CB94D8D00AE089A /* AppDelegate.m */,
				714B73341CB94D8D00AE089A /* ViewController.h */,
				714B73351CB94D8D00AE089A /* ViewController.m */,
				714B73371CB94D8E00AE089A /* Main.storyboard */,
				714B733A1CB94D8E00AE089A /* Assets.xcassets */,
				714B733C1CB94D8E00AE089A /* LaunchScreen.storyboard */,
				714B733F1CB94D8E00AE089A /* Info.plist */,
				714B732E1CB94D8D00AE089A /* Supporting Files */,
			);
			path = "L0501缓动函数源码";
			sourceTree = "<group>";
		};
		714B732E1CB94D8D00AE089A /* Supporting Files */ = {
			isa = PBXGroup;
			children = (
				714B732F1CB94D8D00AE089A /* main.m */,
			);
			name = "Supporting Files";
			sourceTree = "<group>";
		};
		714B734B1CB94DBB00AE089A /* EasingAnimation */ = {
			isa = PBXGroup;
			children = (
				714B73451CB94DB500AE089A /* easing.c */,
				714B73461CB94DB500AE089A /* easing.h */,
				714B73471CB94DB500AE089A /* YXEasing.h */,
				714B73481CB94DB500AE089A /* YXEasing.m */,
			);
			name = EasingAnimation;
			sourceTree = "<group>";
		};
/* End PBXGroup section */

/* Begin PBXNativeTarget section */
		714B732A1CB94D8D00AE089A /* L0501缓动函数源码 */ = {
			isa = PBXNativeTarget;
			buildConfigurationList = 714B73421CB94D8E00AE089A /* Build configuration list for PBXNativeTarget "L0501缓动函数源码" */;
			buildPhases = (
				714B73271CB94D8D00AE089A /* Sources */,
				714B73281CB94D8D00AE089A /* Frameworks */,
				714B73291CB94D8D00AE089A /* Resources */,
			);
			buildRules = (
			);
			dependencies = (
			);
			name = "L0501缓动函数源码";
			productName = "L0501缓动函数源码";
			productReference = 714B732B1CB94D8D00AE089A /* L0501缓动函数源码.app */;
			productType = "com.apple.product-type.application";
		};
/* End PBXNativeTarget section */

/* Begin PBXProject section */
		714B73231CB94D8D00AE089A /* Project object */ = {
			isa = PBXProject;
			attributes = {
				LastUpgradeCheck = 0720;
				ORGANIZATIONNAME = TonyEarth;
				TargetAttributes = {
					714B732A1CB94D8D00AE089A = {
						CreatedOnToolsVersion = 7.2.1;
						DevelopmentTeam = E355287BUN;
					};
				};
			};
			buildConfigurationList = 714B73261CB94D8D00AE089A /* Build configuration list for PBXProject "L0501缓动函数源码" */;
			compatibilityVersion = "Xcode 3.2";
			developmentRegion = English;
			hasScannedForEncodings = 0;
			knownRegions = (
				en,
				Base,
			);
			mainGroup = 714B73221CB94D8D00AE089A;
			productRefGroup = 714B732C1CB94D8D00AE089A /* Products */;
			projectDirPath = "";
			projectRoot = "";
			targets = (
				714B732A1CB94D8D00AE089A /* L0501缓动函数源码 */,
			);
		};
/* End PBXProject section */

/* Begin PBXResourcesBuildPhase section */
		714B73291CB94D8D00AE089A /* Resources */ = {
			isa = PBXResourcesBuildPhase;
			buildActionMask = 2147483647;
			files = (
				714B733E1CB94D8E00AE089A /* LaunchScreen.storyboard in Resources */,
				714B733B1CB94D8E00AE089A /* Assets.xcassets in Resources */,
				714B73391CB94D8E00AE089A /* Main.storyboard in Resources */,
			);
			runOnlyForDeploymentPostprocessing = 0;
		};
/* End PBXResourcesBuildPhase section */

/* Begin PBXSourcesBuildPhase section */
		714B73271CB94D8D00AE089A /* Sources */ = {
			isa = PBXSourcesBuildPhase;
			buildActionMask = 2147483647;
			files = (
				714B73491CB94DB500AE089A /* easing.c in Sources */,
				714B734A1CB94DB500AE089A /* YXEasing.m in Sources */,
				714B73361CB94D8D00AE089A /* ViewController.m in Sources */,
				714B73331CB94D8D00AE089A /* AppDelegate.m in Sources */,
				714B73301CB94D8D00AE089A /* main.m in Sources */,
			);
			runOnlyForDeploymentPostprocessing = 0;
		};
/* End PBXSourcesBuildPhase section */

/* Begin PBXVariantGroup section */
		714B73371CB94D8E00AE089A /* Main.storyboard */ = {
			isa = PBXVariantGroup;
			children = (
				714B73381CB94D8E00AE089A /* Base */,
			);
			name = Main.storyboard;
			sourceTree = "<group>";
		};
		714B733C1CB94D8E00AE089A /* LaunchScreen.storyboard */ = {
			isa = PBXVariantGroup;
			children = (
				714B733D1CB94D8E00AE089A /* Base */,
			);
			name = LaunchScreen.storyboard;
			sourceTree = "<group>";
		};
/* End PBXVariantGroup section */

/* Begin XCBuildConfiguration section */
		714B73401CB94D8E00AE089A /* Debug */ = {
			isa = XCBuildConfiguration;
			buildSettings = {
				ALWAYS_SEARCH_USER_PATHS = NO;
				CLANG_CXX_LANGUAGE_STANDARD = "gnu++0x";
				CLANG_CXX_LIBRARY = "libc++";
				CLANG_ENABLE_MODULES = YES;
				CLANG_ENABLE_OBJC_ARC = YES;
				CLANG_WARN_BOOL_CONVERSION = YES;
				CLANG_WARN_CONSTANT_CONVERSION = YES;
				CLANG_WARN_DIRECT_OBJC_ISA_USAGE = YES_ERROR;
				CLANG_WARN_EMPTY_BODY = YES;
				CLANG_WARN_ENUM_CONVERSION = YES;
				CLANG_WARN_INT_CONVERSION = YES;
				CLANG_WARN_OBJC_ROOT_CLASS = YES_ERROR;
				CLANG_WARN_UNREACHABLE_CODE = YES;
				CLANG_WARN__DUPLICATE_METHOD_MATCH = YES;
				"CODE_SIGN_IDENTITY[sdk=iphoneos*]" = "iPhone Developer";
				COPY_PHASE_STRIP = NO;
				DEBUG_INFORMATION_FORMAT = dwarf;
				ENABLE_STRICT_OBJC_MSGSEND = YES;
				ENABLE_TESTABILITY = YES;
				GCC_C_LANGUAGE_STANDARD = gnu99;
				GCC_DYNAMIC_NO_PIC = NO;
				GCC_NO_COMMON_BLOCKS = YES;
				GCC_OPTIMIZATION_LEVEL = 0;
				GCC_PREPROCESSOR_DEFINITIONS = (
					"DEBUG=1",
					"$(inherited)",
				);
				GCC_WARN_64_TO_32_BIT_CONVERSION = YES;
				GCC_WARN_ABOUT_RETURN_TYPE = YES_ERROR;
				GCC_WARN_UNDECLARED_SELECTOR = YES;
				GCC_WARN_UNINITIALIZED_AUTOS = YES_AGGRESSIVE;
				GCC_WARN_UNUSED_FUNCTION = YES;
				GCC_WARN_UNUSED_VARIABLE = YES;
				IPHONEOS_DEPLOYMENT_TARGET = 9.2;
				MTL_ENABLE_DEBUG_INFO = YES;
				ONLY_ACTIVE_ARCH = YES;
				SDKROOT = iphoneos;
			};
			name = Debug;
		};
		714B73411CB94D8E00AE089A /* Release */ = {
			isa = XCBuildConfiguration;
			buildSettings = {
				ALWAYS_SEARCH_USER_PATHS = NO;
				CLANG_CXX_LANGUAGE_STANDARD = "gnu++0x";
				CLANG_CXX_LIBRARY = "libc++";
				CLANG_ENABLE_MODULES = YES;
				CLANG_ENABLE_OBJC_ARC = YES;
				CLANG_WARN_BOOL_CONVERSION = YES;
				CLANG_WARN_CONSTANT_CONVERSION = YES;
				CLANG_WARN_DIRECT_OBJC_ISA_USAGE = YES_ERROR;
				CLANG_WARN_EMPTY_BODY = YES;
				CLANG_WARN_ENUM_CONVERSION = YES;
				CLANG_WARN_INT_CONVERSION = YES;
				CLANG_WARN_OBJC_ROOT_CLASS = YES_ERROR;
				CLANG_WARN_UNREACHABLE_CODE = YES;
				CLANG_WARN__DUPLICATE_METHOD_MATCH = YES;
				"CODE_SIGN_IDENTITY[sdk=iphoneos*]" = "iPhone Developer";
				COPY_PHASE_STRIP = NO;
				DEBUG_INFORMATION_FORMAT = "dwarf-with-dsym";
				ENABLE_NS_ASSERTIONS = NO;
				ENABLE_STRICT_OBJC_MSGSEND = YES;
				GCC_C_LANGUAGE_STANDARD = gnu99;
				GCC_NO_COMMON_BLOCKS = YES;
				GCC_WARN_64_TO_32_BIT_CONVERSION = YES;
				GCC_WARN_ABOUT_RETURN_TYPE = YES_ERROR;
				GCC_WARN_UNDECLARED_SELECTOR = YES;
				GCC_WARN_UNINITIALIZED_AUTOS = YES_AGGRESSIVE;
				GCC_WARN_UNUSED_FUNCTION = YES;
				GCC_WARN_UNUSED_VARIABLE = YES;
				IPHONEOS_DEPLOYMENT_TARGET = 9.2;
				MTL_ENABLE_DEBUG_INFO = NO;
				SDKROOT = iphoneos;
				VALIDATE_PRODUCT = YES;
			};
			name = Release;
		};
		714B73431CB94D8E00AE089A /* Debug */ = {
			isa = XCBuildConfiguration;
			buildSettings = {
				ASSETCATALOG_COMPILER_APPICON_NAME = AppIcon;
				INFOPLIST_FILE = "L0501缓动函数源码/Info.plist";
				LD_RUNPATH_SEARCH_PATHS = "$(inherited) @executable_path/Frameworks";
				PRODUCT_BUNDLE_IDENTIFIER = "com.earth.L0501------";
				PRODUCT_NAME = "$(TARGET_NAME)";
			};
			name = Debug;
		};
		714B73441CB94D8E00AE089A /* Release */ = {
			isa = XCBuildConfiguration;
			buildSettings = {
				ASSETCATALOG_COMPILER_APPICON_NAME = AppIcon;
				INFOPLIST_FILE = "L0501缓动函数源码/Info.plist";
				LD_RUNPATH_SEARCH_PATHS = "$(inherited) @executable_path/Frameworks";
				PRODUCT_BUNDLE_IDENTIFIER = "com.earth.L0501------";
				PRODUCT_NAME = "$(TARGET_NAME)";
			};
			name = Release;
		};
/* End XCBuildConfiguration section */

/* Begin XCConfigurationList section */
		714B73261CB94D8D00AE089A /* Build configuration list for PBXProject "L0501缓动函数源码" */ = {
			isa = XCConfigurationList;
			buildConfigurations = (
				714B73401CB94D8E00AE089A /* Debug */,
				714B73411CB94D8E00AE089A /* Release */,
			);
			defaultConfigurationIsVisible = 0;
			defaultConfigurationName = Release;
		};
		714B73421CB94D8E00AE089A /* Build configuration list for PBXNativeTarget "L0501缓动函数源码" */ = {
			isa = XCConfigurationList;
			buildConfigurations = (
				714B73431CB94D8E00AE089A /* Debug */,
				714B73441CB94D8E00AE089A /* Release */,
			);
			defaultConfigurationIsVisible = 0;
		};
/* End XCConfigurationList section */
	};
	rootObject = 714B73231CB94D8D00AE089A /* Project object */;
}
