// !$*UTF8*$!
{
	archiveVersion = 1;
	classes = {
	};
	objectVersion = 46;
	objects = {

/* Begin PBXBuildFile section */
		7133FCFA1CC91FB500CF7E76 /* AppDelegate.swift in Sources */ = {isa = PBXBuildFile; fileRef = 7133FCF91CC91FB500CF7E76 /* AppDelegate.swift */; };
		7133FCFC1CC91FB500CF7E76 /* ViewController.swift in Sources */ = {isa = PBXBuildFile; fileRef = 7133FCFB1CC91FB500CF7E76 /* ViewController.swift */; };
		7133FCFF1CC91FB500CF7E76 /* Main.storyboard in Resources */ = {isa = PBXBuildFile; fileRef = 7133FCFD1CC91FB500CF7E76 /* Main.storyboard */; };
		7133FD011CC91FB500CF7E76 /* Assets.xcassets in Resources */ = {isa = PBXBuildFile; fileRef = 7133FD001CC91FB500CF7E76 /* Assets.xcassets */; };
		7133FD041CC91FB500CF7E76 /* LaunchScreen.storyboard in Resources */ = {isa = PBXBuildFile; fileRef = 7133FD021CC91FB500CF7E76 /* LaunchScreen.storyboard */; };
/* End PBXBuildFile section */

/* Begin PBXFileReference section */
		7133FCF61CC91FB500CF7E76 /* L0104_通过GET方式与服务器通信.app */ = {isa = PBXFileReference; explicitFileType = wrapper.application; includeInIndex = 0; path = "L0104_通过GET方式与服务器通信.app"; sourceTree = BUILT_PRODUCTS_DIR; };
		7133FCF91CC91FB500CF7E76 /* AppDelegate.swift */ = {isa = PBXFileReference; lastKnownFileType = sourcecode.swift; path = AppDelegate.swift; sourceTree = "<group>"; };
		7133FCFB1CC91FB500CF7E76 /* ViewController.swift */ = {isa = PBXFileReference; lastKnownFileType = sourcecode.swift; path = ViewController.swift; sourceTree = "<group>"; };
		7133FCFE1CC91FB500CF7E76 /* Base */ = {isa = PBXFileReference; lastKnownFileType = file.storyboard; name = Base; path = Base.lproj/Main.storyboard; sourceTree = "<group>"; };
		7133FD001CC91FB500CF7E76 /* Assets.xcassets */ = {isa = PBXFileReference; lastKnownFileType = folder.assetcatalog; path = Assets.xcassets; sourceTree = "<group>"; };
		7133FD031CC91FB500CF7E76 /* Base */ = {isa = PBXFileReference; lastKnownFileType = file.storyboard; name = Base; path = Base.lproj/LaunchScreen.storyboard; sourceTree = "<group>"; };
		7133FD051CC91FB500CF7E76 /* Info.plist */ = {isa = PBXFileReference; lastKnownFileType = text.plist.xml; path = Info.plist; sourceTree = "<group>"; };
/* End PBXFileReference section */

/* Begin PBXFrameworksBuildPhase section */
		7133FCF31CC91FB500CF7E76 /* Frameworks */ = {
			isa = PBXFrameworksBuildPhase;
			buildActionMask = 2147483647;
			files = (
			);
			runOnlyForDeploymentPostprocessing = 0;
		};
/* End PBXFrameworksBuildPhase section */

/* Begin PBXGroup section */
		7133FCED1CC91FB400CF7E76 = {
			isa = PBXGroup;
			children = (
				7133FCF81CC91FB500CF7E76 /* L0104_通过GET方式与服务器通信 */,
				7133FCF71CC91FB500CF7E76 /* Products */,
			);
			sourceTree = "<group>";
		};
		7133FCF71CC91FB500CF7E76 /* Products */ = {
			isa = PBXGroup;
			children = (
				7133FCF61CC91FB500CF7E76 /* L0104_通过GET方式与服务器通信.app */,
			);
			name = Products;
			sourceTree = "<group>";
		};
		7133FCF81CC91FB500CF7E76 /* L0104_通过GET方式与服务器通信 */ = {
			isa = PBXGroup;
			children = (
				7133FCF91CC91FB500CF7E76 /* AppDelegate.swift */,
				7133FCFB1CC91FB500CF7E76 /* ViewController.swift */,
				7133FCFD1CC91FB500CF7E76 /* Main.storyboard */,
				7133FD001CC91FB500CF7E76 /* Assets.xcassets */,
				7133FD021CC91FB500CF7E76 /* LaunchScreen.storyboard */,
				7133FD051CC91FB500CF7E76 /* Info.plist */,
			);
			path = "L0104_通过GET方式与服务器通信";
			sourceTree = "<group>";
		};
/* End PBXGroup section */

/* Begin PBXNativeTarget section */
		7133FCF51CC91FB500CF7E76 /* L0104_通过GET方式与服务器通信 */ = {
			isa = PBXNativeTarget;
			buildConfigurationList = 7133FD081CC91FB500CF7E76 /* Build configuration list for PBXNativeTarget "L0104_通过GET方式与服务器通信" */;
			buildPhases = (
				7133FCF21CC91FB500CF7E76 /* Sources */,
				7133FCF31CC91FB500CF7E76 /* Frameworks */,
				7133FCF41CC91FB500CF7E76 /* Resources */,
			);
			buildRules = (
			);
			dependencies = (
			);
			name = "L0104_通过GET方式与服务器通信";
			productName = "L0104_通过GET方式与服务器通信";
			productReference = 7133FCF61CC91FB500CF7E76 /* L0104_通过GET方式与服务器通信.app */;
			productType = "com.apple.product-type.application";
		};
/* End PBXNativeTarget section */

/* Begin PBXProject section */
		7133FCEE1CC91FB400CF7E76 /* Project object */ = {
			isa = PBXProject;
			attributes = {
				LastSwiftUpdateCheck = 0720;
				LastUpgradeCheck = 0720;
				ORGANIZATIONNAME = TonyEarth;
				TargetAttributes = {
					7133FCF51CC91FB500CF7E76 = {
						CreatedOnToolsVersion = 7.2.1;
						DevelopmentTeam = E355287BUN;
					};
				};
			};
			buildConfigurationList = 7133FCF11CC91FB400CF7E76 /* Build configuration list for PBXProject "L0104_通过GET方式与服务器通信" */;
			compatibilityVersion = "Xcode 3.2";
			developmentRegion = English;
			hasScannedForEncodings = 0;
			knownRegions = (
				en,
				Base,
			);
			mainGroup = 7133FCED1CC91FB400CF7E76;
			productRefGroup = 7133FCF71CC91FB500CF7E76 /* Products */;
			projectDirPath = "";
			projectRoot = "";
			targets = (
				7133FCF51CC91FB500CF7E76 /* L0104_通过GET方式与服务器通信 */,
			);
		};
/* End PBXProject section */

/* Begin PBXResourcesBuildPhase section */
		7133FCF41CC91FB500CF7E76 /* Resources */ = {
			isa = PBXResourcesBuildPhase;
			buildActionMask = 2147483647;
			files = (
				7133FD041CC91FB500CF7E76 /* LaunchScreen.storyboard in Resources */,
				7133FD011CC91FB500CF7E76 /* Assets.xcassets in Resources */,
				7133FCFF1CC91FB500CF7E76 /* Main.storyboard in Resources */,
			);
			runOnlyForDeploymentPostprocessing = 0;
		};
/* End PBXResourcesBuildPhase section */

/* Begin PBXSourcesBuildPhase section */
		7133FCF21CC91FB500CF7E76 /* Sources */ = {
			isa = PBXSourcesBuildPhase;
			buildActionMask = 2147483647;
			files = (
				7133FCFC1CC91FB500CF7E76 /* ViewController.swift in Sources */,
				7133FCFA1CC91FB500CF7E76 /* AppDelegate.swift in Sources */,
			);
			runOnlyForDeploymentPostprocessing = 0;
		};
/* End PBXSourcesBuildPhase section */

/* Begin PBXVariantGroup section */
		7133FCFD1CC91FB500CF7E76 /* Main.storyboard */ = {
			isa = PBXVariantGroup;
			children = (
				7133FCFE1CC91FB500CF7E76 /* Base */,
			);
			name = Main.storyboard;
			sourceTree = "<group>";
		};
		7133FD021CC91FB500CF7E76 /* LaunchScreen.storyboard */ = {
			isa = PBXVariantGroup;
			children = (
				7133FD031CC91FB500CF7E76 /* Base */,
			);
			name = LaunchScreen.storyboard;
			sourceTree = "<group>";
		};
/* End PBXVariantGroup section */

/* Begin XCBuildConfiguration section */
		7133FD061CC91FB500CF7E76 /* Debug */ = {
			isa = XCBuildConfiguration;
			buildSettings = {
				ALWAYS_SEARCH_USER_PATHS = NO;
				CLANG_CXX_LANGUAGE_STANDARD = "gnu++0x";
				CLANG_CXX_LIBRARY = "libc++";
				CLANG_ENABLE_MODULES = YES;
				CLANG_ENABLE_OBJC_ARC = YES;
				CLANG_WARN_BOOL_CONVERSION = YES;
				CLANG_WARN_CONSTANT_CONVERSION = YES;
				CLANG_WARN_DIRECT_OBJC_ISA_USAGE = YES_ERROR;
				CLANG_WARN_EMPTY_BODY = YES;
				CLANG_WARN_ENUM_CONVERSION = YES;
				CLANG_WARN_INT_CONVERSION = YES;
				CLANG_WARN_OBJC_ROOT_CLASS = YES_ERROR;
				CLANG_WARN_UNREACHABLE_CODE = YES;
				CLANG_WARN__DUPLICATE_METHOD_MATCH = YES;
				"CODE_SIGN_IDENTITY[sdk=iphoneos*]" = "iPhone Developer";
				COPY_PHASE_STRIP = NO;
				DEBUG_INFORMATION_FORMAT = dwarf;
				ENABLE_STRICT_OBJC_MSGSEND = YES;
				ENABLE_TESTABILITY = YES;
				GCC_C_LANGUAGE_STANDARD = gnu99;
				GCC_DYNAMIC_NO_PIC = NO;
				GCC_NO_COMMON_BLOCKS = YES;
				GCC_OPTIMIZATION_LEVEL = 0;
				GCC_PREPROCESSOR_DEFINITIONS = (
					"DEBUG=1",
					"$(inherited)",
				);
				GCC_WARN_64_TO_32_BIT_CONVERSION = YES;
				GCC_WARN_ABOUT_RETURN_TYPE = YES_ERROR;
				GCC_WARN_UNDECLARED_SELECTOR = YES;
				GCC_WARN_UNINITIALIZED_AUTOS = YES_AGGRESSIVE;
				GCC_WARN_UNUSED_FUNCTION = YES;
				GCC_WARN_UNUSED_VARIABLE = YES;
				IPHONEOS_DEPLOYMENT_TARGET = 9.2;
				MTL_ENABLE_DEBUG_INFO = YES;
				ONLY_ACTIVE_ARCH = YES;
				SDKROOT = iphoneos;
				SWIFT_OPTIMIZATION_LEVEL = "-Onone";
			};
			name = Debug;
		};
		7133FD071CC91FB500CF7E76 /* Release */ = {
			isa = XCBuildConfiguration;
			buildSettings = {
				ALWAYS_SEARCH_USER_PATHS = NO;
				CLANG_CXX_LANGUAGE_STANDARD = "gnu++0x";
				CLANG_CXX_LIBRARY = "libc++";
				CLANG_ENABLE_MODULES = YES;
				CLANG_ENABLE_OBJC_ARC = YES;
				CLANG_WARN_BOOL_CONVERSION = YES;
				CLANG_WARN_CONSTANT_CONVERSION = YES;
				CLANG_WARN_DIRECT_OBJC_ISA_USAGE = YES_ERROR;
				CLANG_WARN_EMPTY_BODY = YES;
				CLANG_WARN_ENUM_CONVERSION = YES;
				CLANG_WARN_INT_CONVERSION = YES;
				CLANG_WARN_OBJC_ROOT_CLASS = YES_ERROR;
				CLANG_WARN_UNREACHABLE_CODE = YES;
				CLANG_WARN__DUPLICATE_METHOD_MATCH = YES;
				"CODE_SIGN_IDENTITY[sdk=iphoneos*]" = "iPhone Developer";
				COPY_PHASE_STRIP = NO;
				DEBUG_INFORMATION_FORMAT = "dwarf-with-dsym";
				ENABLE_NS_ASSERTIONS = NO;
				ENABLE_STRICT_OBJC_MSGSEND = YES;
				GCC_C_LANGUAGE_STANDARD = gnu99;
				GCC_NO_COMMON_BLOCKS = YES;
				GCC_WARN_64_TO_32_BIT_CONVERSION = YES;
				GCC_WARN_ABOUT_RETURN_TYPE = YES_ERROR;
				GCC_WARN_UNDECLARED_SELECTOR = YES;
				GCC_WARN_UNINITIALIZED_AUTOS = YES_AGGRESSIVE;
				GCC_WARN_UNUSED_FUNCTION = YES;
				GCC_WARN_UNUSED_VARIABLE = YES;
				IPHONEOS_DEPLOYMENT_TARGET = 9.2;
				MTL_ENABLE_DEBUG_INFO = NO;
				SDKROOT = iphoneos;
				VALIDATE_PRODUCT = YES;
			};
			name = Release;
		};
		7133FD091CC91FB500CF7E76 /* Debug */ = {
			isa = XCBuildConfiguration;
			buildSettings = {
				ASSETCATALOG_COMPILER_APPICON_NAME = AppIcon;
				INFOPLIST_FILE = "L0104_通过GET方式与服务器通信/Info.plist";
				LD_RUNPATH_SEARCH_PATHS = "$(inherited) @executable_path/Frameworks";
				PRODUCT_BUNDLE_IDENTIFIER = "com.earth.L0104---GET--------";
				PRODUCT_NAME = "$(TARGET_NAME)";
			};
			name = Debug;
		};
		7133FD0A1CC91FB500CF7E76 /* Release */ = {
			isa = XCBuildConfiguration;
			buildSettings = {
				ASSETCATALOG_COMPILER_APPICON_NAME = AppIcon;
				INFOPLIST_FILE = "L0104_通过GET方式与服务器通信/Info.plist";
				LD_RUNPATH_SEARCH_PATHS = "$(inherited) @executable_path/Frameworks";
				PRODUCT_BUNDLE_IDENTIFIER = "com.earth.L0104---GET--------";
				PRODUCT_NAME = "$(TARGET_NAME)";
			};
			name = Release;
		};
/* End XCBuildConfiguration section */

/* Begin XCConfigurationList section */
		7133FCF11CC91FB400CF7E76 /* Build configuration list for PBXProject "L0104_通过GET方式与服务器通信" */ = {
			isa = XCConfigurationList;
			buildConfigurations = (
				7133FD061CC91FB500CF7E76 /* Debug */,
				7133FD071CC91FB500CF7E76 /* Release */,
			);
			defaultConfigurationIsVisible = 0;
			defaultConfigurationName = Release;
		};
		7133FD081CC91FB500CF7E76 /* Build configuration list for PBXNativeTarget "L0104_通过GET方式与服务器通信" */ = {
			isa = XCConfigurationList;
			buildConfigurations = (
				7133FD091CC91FB500CF7E76 /* Debug */,
				7133FD0A1CC91FB500CF7E76 /* Release */,
			);
			defaultConfigurationIsVisible = 0;
		};
/* End XCConfigurationList section */
	};
	rootObject = 7133FCEE1CC91FB400CF7E76 /* Project object */;
}
