// !$*UTF8*$!
{
	archiveVersion = 1;
	classes = {
	};
	objectVersion = 46;
	objects = {

/* Begin PBXBuildFile section */
		71AD18621CAFE3A800537FAF /* main.m in Sources */ = {isa = PBXBuildFile; fileRef = 71AD18611CAFE3A800537FAF /* main.m */; };
		71AD18651CAFE3A800537FAF /* AppDelegate.m in Sources */ = {isa = PBXBuildFile; fileRef = 71AD18641CAFE3A800537FAF /* AppDelegate.m */; };
		71AD18681CAFE3A800537FAF /* ViewController.m in Sources */ = {isa = PBXBuildFile; fileRef = 71AD18671CAFE3A800537FAF /* ViewController.m */; };
		71AD186B1CAFE3A800537FAF /* Main.storyboard in Resources */ = {isa = PBXBuildFile; fileRef = 71AD18691CAFE3A800537FAF /* Main.storyboard */; };
		71AD186D1CAFE3A800537FAF /* Assets.xcassets in Resources */ = {isa = PBXBuildFile; fileRef = 71AD186C1CAFE3A800537FAF /* Assets.xcassets */; };
		71AD18701CAFE3A800537FAF /* LaunchScreen.storyboard in Resources */ = {isa = PBXBuildFile; fileRef = 71AD186E1CAFE3A800537FAF /* LaunchScreen.storyboard */; };
		71AD18791CAFE3FA00537FAF /* LineUIView.m in Sources */ = {isa = PBXBuildFile; fileRef = 71AD18781CAFE3FA00537FAF /* LineUIView.m */; };
/* End PBXBuildFile section */

/* Begin PBXFileReference section */
		71AD185D1CAFE3A800537FAF /* L01动画中的高內聚低耦合.app */ = {isa = PBXFileReference; explicitFileType = wrapper.application; includeInIndex = 0; path = "L01动画中的高內聚低耦合.app"; sourceTree = BUILT_PRODUCTS_DIR; };
		71AD18611CAFE3A800537FAF /* main.m */ = {isa = PBXFileReference; lastKnownFileType = sourcecode.c.objc; path = main.m; sourceTree = "<group>"; };
		71AD18631CAFE3A800537FAF /* AppDelegate.h */ = {isa = PBXFileReference; lastKnownFileType = sourcecode.c.h; path = AppDelegate.h; sourceTree = "<group>"; };
		71AD18641CAFE3A800537FAF /* AppDelegate.m */ = {isa = PBXFileReference; lastKnownFileType = sourcecode.c.objc; path = AppDelegate.m; sourceTree = "<group>"; };
		71AD18661CAFE3A800537FAF /* ViewController.h */ = {isa = PBXFileReference; lastKnownFileType = sourcecode.c.h; path = ViewController.h; sourceTree = "<group>"; };
		71AD18671CAFE3A800537FAF /* ViewController.m */ = {isa = PBXFileReference; lastKnownFileType = sourcecode.c.objc; path = ViewController.m; sourceTree = "<group>"; };
		71AD186A1CAFE3A800537FAF /* Base */ = {isa = PBXFileReference; lastKnownFileType = file.storyboard; name = Base; path = Base.lproj/Main.storyboard; sourceTree = "<group>"; };
		71AD186C1CAFE3A800537FAF /* Assets.xcassets */ = {isa = PBXFileReference; lastKnownFileType = folder.assetcatalog; path = Assets.xcassets; sourceTree = "<group>"; };
		71AD186F1CAFE3A800537FAF /* Base */ = {isa = PBXFileReference; lastKnownFileType = file.storyboard; name = Base; path = Base.lproj/LaunchScreen.storyboard; sourceTree = "<group>"; };
		71AD18711CAFE3A800537FAF /* Info.plist */ = {isa = PBXFileReference; lastKnownFileType = text.plist.xml; path = Info.plist; sourceTree = "<group>"; };
		71AD18771CAFE3FA00537FAF /* LineUIView.h */ = {isa = PBXFileReference; fileEncoding = 4; lastKnownFileType = sourcecode.c.h; path = LineUIView.h; sourceTree = "<group>"; };
		71AD18781CAFE3FA00537FAF /* LineUIView.m */ = {isa = PBXFileReference; fileEncoding = 4; lastKnownFileType = sourcecode.c.objc; path = LineUIView.m; sourceTree = "<group>"; };
/* End PBXFileReference section */

/* Begin PBXFrameworksBuildPhase section */
		71AD185A1CAFE3A800537FAF /* Frameworks */ = {
			isa = PBXFrameworksBuildPhase;
			buildActionMask = 2147483647;
			files = (
			);
			runOnlyForDeploymentPostprocessing = 0;
		};
/* End PBXFrameworksBuildPhase section */

/* Begin PBXGroup section */
		71AD18541CAFE3A800537FAF = {
			isa = PBXGroup;
			children = (
				71AD185F1CAFE3A800537FAF /* L01动画中的高內聚低耦合 */,
				71AD185E1CAFE3A800537FAF /* Products */,
			);
			sourceTree = "<group>";
		};
		71AD185E1CAFE3A800537FAF /* Products */ = {
			isa = PBXGroup;
			children = (
				71AD185D1CAFE3A800537FAF /* L01动画中的高內聚低耦合.app */,
			);
			name = Products;
			sourceTree = "<group>";
		};
		71AD185F1CAFE3A800537FAF /* L01动画中的高內聚低耦合 */ = {
			isa = PBXGroup;
			children = (
				71AD18631CAFE3A800537FAF /* AppDelegate.h */,
				71AD18641CAFE3A800537FAF /* AppDelegate.m */,
				71AD18661CAFE3A800537FAF /* ViewController.h */,
				71AD18671CAFE3A800537FAF /* ViewController.m */,
				71AD18691CAFE3A800537FAF /* Main.storyboard */,
				71AD186C1CAFE3A800537FAF /* Assets.xcassets */,
				71AD186E1CAFE3A800537FAF /* LaunchScreen.storyboard */,
				71AD18711CAFE3A800537FAF /* Info.plist */,
				71AD18601CAFE3A800537FAF /* Supporting Files */,
				71AD18771CAFE3FA00537FAF /* LineUIView.h */,
				71AD18781CAFE3FA00537FAF /* LineUIView.m */,
			);
			path = "L01动画中的高內聚低耦合";
			sourceTree = "<group>";
		};
		71AD18601CAFE3A800537FAF /* Supporting Files */ = {
			isa = PBXGroup;
			children = (
				71AD18611CAFE3A800537FAF /* main.m */,
			);
			name = "Supporting Files";
			sourceTree = "<group>";
		};
/* End PBXGroup section */

/* Begin PBXNativeTarget section */
		71AD185C1CAFE3A800537FAF /* L01动画中的高內聚低耦合 */ = {
			isa = PBXNativeTarget;
			buildConfigurationList = 71AD18741CAFE3A800537FAF /* Build configuration list for PBXNativeTarget "L01动画中的高內聚低耦合" */;
			buildPhases = (
				71AD18591CAFE3A800537FAF /* Sources */,
				71AD185A1CAFE3A800537FAF /* Frameworks */,
				71AD185B1CAFE3A800537FAF /* Resources */,
			);
			buildRules = (
			);
			dependencies = (
			);
			name = "L01动画中的高內聚低耦合";
			productName = "L01动画中的高內聚低耦合";
			productReference = 71AD185D1CAFE3A800537FAF /* L01动画中的高內聚低耦合.app */;
			productType = "com.apple.product-type.application";
		};
/* End PBXNativeTarget section */

/* Begin PBXProject section */
		71AD18551CAFE3A800537FAF /* Project object */ = {
			isa = PBXProject;
			attributes = {
				LastUpgradeCheck = 0720;
				ORGANIZATIONNAME = TonyEarth;
				TargetAttributes = {
					71AD185C1CAFE3A800537FAF = {
						CreatedOnToolsVersion = 7.2.1;
						DevelopmentTeam = E355287BUN;
					};
				};
			};
			buildConfigurationList = 71AD18581CAFE3A800537FAF /* Build configuration list for PBXProject "L01动画中的高內聚低耦合" */;
			compatibilityVersion = "Xcode 3.2";
			developmentRegion = English;
			hasScannedForEncodings = 0;
			knownRegions = (
				en,
				Base,
			);
			mainGroup = 71AD18541CAFE3A800537FAF;
			productRefGroup = 71AD185E1CAFE3A800537FAF /* Products */;
			projectDirPath = "";
			projectRoot = "";
			targets = (
				71AD185C1CAFE3A800537FAF /* L01动画中的高內聚低耦合 */,
			);
		};
/* End PBXProject section */

/* Begin PBXResourcesBuildPhase section */
		71AD185B1CAFE3A800537FAF /* Resources */ = {
			isa = PBXResourcesBuildPhase;
			buildActionMask = 2147483647;
			files = (
				71AD18701CAFE3A800537FAF /* LaunchScreen.storyboard in Resources */,
				71AD186D1CAFE3A800537FAF /* Assets.xcassets in Resources */,
				71AD186B1CAFE3A800537FAF /* Main.storyboard in Resources */,
			);
			runOnlyForDeploymentPostprocessing = 0;
		};
/* End PBXResourcesBuildPhase section */

/* Begin PBXSourcesBuildPhase section */
		71AD18591CAFE3A800537FAF /* Sources */ = {
			isa = PBXSourcesBuildPhase;
			buildActionMask = 2147483647;
			files = (
				71AD18791CAFE3FA00537FAF /* LineUIView.m in Sources */,
				71AD18681CAFE3A800537FAF /* ViewController.m in Sources */,
				71AD18651CAFE3A800537FAF /* AppDelegate.m in Sources */,
				71AD18621CAFE3A800537FAF /* main.m in Sources */,
			);
			runOnlyForDeploymentPostprocessing = 0;
		};
/* End PBXSourcesBuildPhase section */

/* Begin PBXVariantGroup section */
		71AD18691CAFE3A800537FAF /* Main.storyboard */ = {
			isa = PBXVariantGroup;
			children = (
				71AD186A1CAFE3A800537FAF /* Base */,
			);
			name = Main.storyboard;
			sourceTree = "<group>";
		};
		71AD186E1CAFE3A800537FAF /* LaunchScreen.storyboard */ = {
			isa = PBXVariantGroup;
			children = (
				71AD186F1CAFE3A800537FAF /* Base */,
			);
			name = LaunchScreen.storyboard;
			sourceTree = "<group>";
		};
/* End PBXVariantGroup section */

/* Begin XCBuildConfiguration section */
		71AD18721CAFE3A800537FAF /* Debug */ = {
			isa = XCBuildConfiguration;
			buildSettings = {
				ALWAYS_SEARCH_USER_PATHS = NO;
				CLANG_CXX_LANGUAGE_STANDARD = "gnu++0x";
				CLANG_CXX_LIBRARY = "libc++";
				CLANG_ENABLE_MODULES = YES;
				CLANG_ENABLE_OBJC_ARC = YES;
				CLANG_WARN_BOOL_CONVERSION = YES;
				CLANG_WARN_CONSTANT_CONVERSION = YES;
				CLANG_WARN_DIRECT_OBJC_ISA_USAGE = YES_ERROR;
				CLANG_WARN_EMPTY_BODY = YES;
				CLANG_WARN_ENUM_CONVERSION = YES;
				CLANG_WARN_INT_CONVERSION = YES;
				CLANG_WARN_OBJC_ROOT_CLASS = YES_ERROR;
				CLANG_WARN_UNREACHABLE_CODE = YES;
				CLANG_WARN__DUPLICATE_METHOD_MATCH = YES;
				"CODE_SIGN_IDENTITY[sdk=iphoneos*]" = "iPhone Developer";
				COPY_PHASE_STRIP = NO;
				DEBUG_INFORMATION_FORMAT = dwarf;
				ENABLE_STRICT_OBJC_MSGSEND = YES;
				ENABLE_TESTABILITY = YES;
				GCC_C_LANGUAGE_STANDARD = gnu99;
				GCC_DYNAMIC_NO_PIC = NO;
				GCC_NO_COMMON_BLOCKS = YES;
				GCC_OPTIMIZATION_LEVEL = 0;
				GCC_PREPROCESSOR_DEFINITIONS = (
					"DEBUG=1",
					"$(inherited)",
				);
				GCC_WARN_64_TO_32_BIT_CONVERSION = YES;
				GCC_WARN_ABOUT_RETURN_TYPE = YES_ERROR;
				GCC_WARN_UNDECLARED_SELECTOR = YES;
				GCC_WARN_UNINITIALIZED_AUTOS = YES_AGGRESSIVE;
				GCC_WARN_UNUSED_FUNCTION = YES;
				GCC_WARN_UNUSED_VARIABLE = YES;
				IPHONEOS_DEPLOYMENT_TARGET = 9.2;
				MTL_ENABLE_DEBUG_INFO = YES;
				ONLY_ACTIVE_ARCH = YES;
				SDKROOT = iphoneos;
			};
			name = Debug;
		};
		71AD18731CAFE3A800537FAF /* Release */ = {
			isa = XCBuildConfiguration;
			buildSettings = {
				ALWAYS_SEARCH_USER_PATHS = NO;
				CLANG_CXX_LANGUAGE_STANDARD = "gnu++0x";
				CLANG_CXX_LIBRARY = "libc++";
				CLANG_ENABLE_MODULES = YES;
				CLANG_ENABLE_OBJC_ARC = YES;
				CLANG_WARN_BOOL_CONVERSION = YES;
				CLANG_WARN_CONSTANT_CONVERSION = YES;
				CLANG_WARN_DIRECT_OBJC_ISA_USAGE = YES_ERROR;
				CLANG_WARN_EMPTY_BODY = YES;
				CLANG_WARN_ENUM_CONVERSION = YES;
				CLANG_WARN_INT_CONVERSION = YES;
				CLANG_WARN_OBJC_ROOT_CLASS = YES_ERROR;
				CLANG_WARN_UNREACHABLE_CODE = YES;
				CLANG_WARN__DUPLICATE_METHOD_MATCH = YES;
				"CODE_SIGN_IDENTITY[sdk=iphoneos*]" = "iPhone Developer";
				COPY_PHASE_STRIP = NO;
				DEBUG_INFORMATION_FORMAT = "dwarf-with-dsym";
				ENABLE_NS_ASSERTIONS = NO;
				ENABLE_STRICT_OBJC_MSGSEND = YES;
				GCC_C_LANGUAGE_STANDARD = gnu99;
				GCC_NO_COMMON_BLOCKS = YES;
				GCC_WARN_64_TO_32_BIT_CONVERSION = YES;
				GCC_WARN_ABOUT_RETURN_TYPE = YES_ERROR;
				GCC_WARN_UNDECLARED_SELECTOR = YES;
				GCC_WARN_UNINITIALIZED_AUTOS = YES_AGGRESSIVE;
				GCC_WARN_UNUSED_FUNCTION = YES;
				GCC_WARN_UNUSED_VARIABLE = YES;
				IPHONEOS_DEPLOYMENT_TARGET = 9.2;
				MTL_ENABLE_DEBUG_INFO = NO;
				SDKROOT = iphoneos;
				VALIDATE_PRODUCT = YES;
			};
			name = Release;
		};
		71AD18751CAFE3A800537FAF /* Debug */ = {
			isa = XCBuildConfiguration;
			buildSettings = {
				ASSETCATALOG_COMPILER_APPICON_NAME = AppIcon;
				INFOPLIST_FILE = "L01动画中的高內聚低耦合/Info.plist";
				LD_RUNPATH_SEARCH_PATHS = "$(inherited) @executable_path/Frameworks";
				PRODUCT_BUNDLE_IDENTIFIER = "com.earth.L01----------";
				PRODUCT_NAME = "$(TARGET_NAME)";
			};
			name = Debug;
		};
		71AD18761CAFE3A800537FAF /* Release */ = {
			isa = XCBuildConfiguration;
			buildSettings = {
				ASSETCATALOG_COMPILER_APPICON_NAME = AppIcon;
				INFOPLIST_FILE = "L01动画中的高內聚低耦合/Info.plist";
				LD_RUNPATH_SEARCH_PATHS = "$(inherited) @executable_path/Frameworks";
				PRODUCT_BUNDLE_IDENTIFIER = "com.earth.L01----------";
				PRODUCT_NAME = "$(TARGET_NAME)";
			};
			name = Release;
		};
/* End XCBuildConfiguration section */

/* Begin XCConfigurationList section */
		71AD18581CAFE3A800537FAF /* Build configuration list for PBXProject "L01动画中的高內聚低耦合" */ = {
			isa = XCConfigurationList;
			buildConfigurations = (
				71AD18721CAFE3A800537FAF /* Debug */,
				71AD18731CAFE3A800537FAF /* Release */,
			);
			defaultConfigurationIsVisible = 0;
			defaultConfigurationName = Release;
		};
		71AD18741CAFE3A800537FAF /* Build configuration list for PBXNativeTarget "L01动画中的高內聚低耦合" */ = {
			isa = XCConfigurationList;
			buildConfigurations = (
				71AD18751CAFE3A800537FAF /* Debug */,
				71AD18761CAFE3A800537FAF /* Release */,
			);
			defaultConfigurationIsVisible = 0;
		};
/* End XCConfigurationList section */
	};
	rootObject = 71AD18551CAFE3A800537FAF /* Project object */;
}
